// !$*UTF8*$!
{
	archiveVersion = 1;
	classes = {
	};
	objectVersion = 46;
	objects = {

/* Begin PBXBuildFile section */
		831237281A602C6900D5C41C /* InfinitSendTabIcon.m in Sources */ = {isa = PBXBuildFile; fileRef = 831237271A602C6900D5C41C /* InfinitSendTabIcon.m */; };
		8312372B1A613A3800D5C41C /* InfinitAccessGalleryView.xib in Resources */ = {isa = PBXBuildFile; fileRef = 8312372A1A613A3800D5C41C /* InfinitAccessGalleryView.xib */; };
		8312372F1A613A8900D5C41C /* InfinitAccessGalleryView.m in Sources */ = {isa = PBXBuildFile; fileRef = 8312372E1A613A8900D5C41C /* InfinitAccessGalleryView.m */; };
		833DFCBC1A2F837400B0D213 /* AssetsLibrary.framework in Frameworks */ = {isa = PBXBuildFile; fileRef = 833DFCBB1A2F837400B0D213 /* AssetsLibrary.framework */; };
		833E3AC01A63C6A60088D3FF /* InfinitAccessContactsView.xib in Resources */ = {isa = PBXBuildFile; fileRef = 833E3ABF1A63C6A60088D3FF /* InfinitAccessContactsView.xib */; };
		833E3AC31A63CF4D0088D3FF /* InfinitAccessContactsView.m in Sources */ = {isa = PBXBuildFile; fileRef = 833E3AC21A63CF4D0088D3FF /* InfinitAccessContactsView.m */; };
		833E3AC61A63D16C0088D3FF /* InfinitApplicationSettings.m in Sources */ = {isa = PBXBuildFile; fileRef = 833E3AC51A63D16C0088D3FF /* InfinitApplicationSettings.m */; };
		833E3AC91A63D8880088D3FF /* InfinitImportOverlayView.xib in Resources */ = {isa = PBXBuildFile; fileRef = 833E3AC81A63D8880088D3FF /* InfinitImportOverlayView.xib */; };
		833E3ACC1A63D89B0088D3FF /* InfinitImportOverlayView.m in Sources */ = {isa = PBXBuildFile; fileRef = 833E3ACB1A63D89B0088D3FF /* InfinitImportOverlayView.m */; };
		833E3ACF1A63E8B80088D3FF /* InfinitContact.m in Sources */ = {isa = PBXBuildFile; fileRef = 833E3ACE1A63E8B80088D3FF /* InfinitContact.m */; };
		8343F5D61A628011006E04C0 /* InfinitTabAnimator.m in Sources */ = {isa = PBXBuildFile; fileRef = 8343F5D51A628011006E04C0 /* InfinitTabAnimator.m */; };
		83612F8E1A5D7FDB00BDF7CE /* NSData+Conversion.m in Sources */ = {isa = PBXBuildFile; fileRef = 83612F8D1A5D7FDB00BDF7CE /* NSData+Conversion.m */; };
		8365DE881A5E8694003527DE /* InfinitColor.m in Sources */ = {isa = PBXBuildFile; fileRef = 8365DE871A5E8694003527DE /* InfinitColor.m */; };
		836D394A1A67F0FB00892206 /* NSString+email.m in Sources */ = {isa = PBXBuildFile; fileRef = 836D39491A67F0FB00892206 /* NSString+email.m */; };
		836D39A11A69409300892206 /* UIImage+circular.m in Sources */ = {isa = PBXBuildFile; fileRef = 836D39A01A69409300892206 /* UIImage+circular.m */; };
		836F5C8C1A166720007C9C4E /* SystemConfiguration.framework in Frameworks */ = {isa = PBXBuildFile; fileRef = 836F5C8B1A166720007C9C4E /* SystemConfiguration.framework */; };
		839B813F1A6407990057E92B /* InfinitSendContactCell.m in Sources */ = {isa = PBXBuildFile; fileRef = 839B813E1A6407990057E92B /* InfinitSendContactCell.m */; };
		839B81421A641CF00057E92B /* InfinitCheckView.m in Sources */ = {isa = PBXBuildFile; fileRef = 839B81411A641CF00057E92B /* InfinitCheckView.m */; };
		839B814B1A6443220057E92B /* InfinitSendAbstractCell.m in Sources */ = {isa = PBXBuildFile; fileRef = 839B814A1A6443220057E92B /* InfinitSendAbstractCell.m */; };
		83B32D631A136485004AB945 /* main.m in Sources */ = {isa = PBXBuildFile; fileRef = 83B32D621A136485004AB945 /* main.m */; };
		83B32D691A136485004AB945 /* ViewController.m in Sources */ = {isa = PBXBuildFile; fileRef = 83B32D681A136485004AB945 /* ViewController.m */; };
		83B32D6E1A136485004AB945 /* Images.xcassets in Resources */ = {isa = PBXBuildFile; fileRef = 83B32D6D1A136485004AB945 /* Images.xcassets */; };
		83B32D7D1A136486004AB945 /* InfinitTests.m in Sources */ = {isa = PBXBuildFile; fileRef = 83B32D7C1A136486004AB945 /* InfinitTests.m */; };
		83B32E061A1365E9004AB945 /* AppDelegate.m in Sources */ = {isa = PBXBuildFile; fileRef = 83B32E051A1365E9004AB945 /* AppDelegate.m */; };
		83B32E081A13660D004AB945 /* LaunchScreen.xib in Resources */ = {isa = PBXBuildFile; fileRef = 83B32E071A13660D004AB945 /* LaunchScreen.xib */; };
		83B32E0A1A136614004AB945 /* Main.storyboard in Resources */ = {isa = PBXBuildFile; fileRef = 83B32E091A136614004AB945 /* Main.storyboard */; };
		83B5D60C1A6661D80061931F /* InfinitKeychain.m in Sources */ = {isa = PBXBuildFile; fileRef = 83B5D60B1A6661D80061931F /* InfinitKeychain.m */; };
		83B5D60E1A6663430061931F /* Security.framework in Frameworks */ = {isa = PBXBuildFile; fileRef = 83B5D60D1A6663430061931F /* Security.framework */; };
		83B5D6141A66AAB70061931F /* InfinitLoggingInController.m in Sources */ = {isa = PBXBuildFile; fileRef = 83B5D6131A66AAB70061931F /* InfinitLoggingInController.m */; };
		83B5D6171A66BC4E0061931F /* ALAsset+Date.m in Sources */ = {isa = PBXBuildFile; fileRef = 83B5D6161A66BC4E0061931F /* ALAsset+Date.m */; };
		83F4D0251A1374660068BEB2 /* libc++.dylib in Frameworks */ = {isa = PBXBuildFile; fileRef = 83F4D0241A1374660068BEB2 /* libc++.dylib */; };
		83F4D04B1A1387EF0068BEB2 /* libaws.a in Frameworks */ = {isa = PBXBuildFile; fileRef = 83F4D04A1A1387EF0068BEB2 /* libaws.a */; };
		83F4D0541A1388050068BEB2 /* libboost_atomic-mt-s.a in Frameworks */ = {isa = PBXBuildFile; fileRef = 83F4D04C1A1388050068BEB2 /* libboost_atomic-mt-s.a */; };
		83F4D0551A1388050068BEB2 /* libboost_chrono-mt-s.a in Frameworks */ = {isa = PBXBuildFile; fileRef = 83F4D04D1A1388050068BEB2 /* libboost_chrono-mt-s.a */; };
		83F4D0561A1388050068BEB2 /* libboost_context-mt-s.a in Frameworks */ = {isa = PBXBuildFile; fileRef = 83F4D04E1A1388050068BEB2 /* libboost_context-mt-s.a */; };
		83F4D0571A1388050068BEB2 /* libboost_date_time-mt-s.a in Frameworks */ = {isa = PBXBuildFile; fileRef = 83F4D04F1A1388050068BEB2 /* libboost_date_time-mt-s.a */; };
		83F4D0581A1388050068BEB2 /* libboost_filesystem-mt-s.a in Frameworks */ = {isa = PBXBuildFile; fileRef = 83F4D0501A1388050068BEB2 /* libboost_filesystem-mt-s.a */; };
		83F4D0591A1388050068BEB2 /* libboost_signals-mt-s.a in Frameworks */ = {isa = PBXBuildFile; fileRef = 83F4D0511A1388050068BEB2 /* libboost_signals-mt-s.a */; };
		83F4D05A1A1388050068BEB2 /* libboost_system-mt-s.a in Frameworks */ = {isa = PBXBuildFile; fileRef = 83F4D0521A1388050068BEB2 /* libboost_system-mt-s.a */; };
		83F4D05B1A1388050068BEB2 /* libboost_thread-mt-s.a in Frameworks */ = {isa = PBXBuildFile; fileRef = 83F4D0531A1388050068BEB2 /* libboost_thread-mt-s.a */; };
		83F4D0601A13880F0068BEB2 /* libcryptography.a in Frameworks */ = {isa = PBXBuildFile; fileRef = 83F4D05D1A13880F0068BEB2 /* libcryptography.a */; };
		83F4D0631A1388170068BEB2 /* libcurl.a in Frameworks */ = {isa = PBXBuildFile; fileRef = 83F4D0621A1388170068BEB2 /* libcurl.a */; };
		83F4D0651A13881F0068BEB2 /* libelle.a in Frameworks */ = {isa = PBXBuildFile; fileRef = 83F4D0641A13881F0068BEB2 /* libelle.a */; };
		83F4D0671A13882B0068BEB2 /* libarchive.a in Frameworks */ = {isa = PBXBuildFile; fileRef = 83F4D0661A13882B0068BEB2 /* libarchive.a */; };
		83F4D06A1A13883E0068BEB2 /* libcrypto.a in Frameworks */ = {isa = PBXBuildFile; fileRef = 83F4D0681A13883E0068BEB2 /* libcrypto.a */; };
		83F4D06B1A13883E0068BEB2 /* libssl.a in Frameworks */ = {isa = PBXBuildFile; fileRef = 83F4D0691A13883E0068BEB2 /* libssl.a */; };
		83F4D06D1A1388500068BEB2 /* libprotocol.a in Frameworks */ = {isa = PBXBuildFile; fileRef = 83F4D06C1A1388500068BEB2 /* libprotocol.a */; };
		83F4D06F1A13885B0068BEB2 /* libreactor.a in Frameworks */ = {isa = PBXBuildFile; fileRef = 83F4D06E1A13885B0068BEB2 /* libreactor.a */; };
		83F4D0711A1388660068BEB2 /* libz.a in Frameworks */ = {isa = PBXBuildFile; fileRef = 83F4D0701A1388660068BEB2 /* libz.a */; };
		83F4D0771A1388760068BEB2 /* libcrash.a in Frameworks */ = {isa = PBXBuildFile; fileRef = 83F4D0721A1388760068BEB2 /* libcrash.a */; };
		83F4D0781A1388760068BEB2 /* libfrete.a in Frameworks */ = {isa = PBXBuildFile; fileRef = 83F4D0731A1388760068BEB2 /* libfrete.a */; };
		83F4D0791A1388760068BEB2 /* libgap.a in Frameworks */ = {isa = PBXBuildFile; fileRef = 83F4D0741A1388760068BEB2 /* libgap.a */; };
		83F4D07A1A1388760068BEB2 /* libpapier.a in Frameworks */ = {isa = PBXBuildFile; fileRef = 83F4D0751A1388760068BEB2 /* libpapier.a */; };
		83F4D07B1A1388760068BEB2 /* libstation.a in Frameworks */ = {isa = PBXBuildFile; fileRef = 83F4D0761A1388760068BEB2 /* libstation.a */; };
		83F4D07D1A1388C50068BEB2 /* libmetrics.a in Frameworks */ = {isa = PBXBuildFile; fileRef = 83F4D07C1A1388C50068BEB2 /* libmetrics.a */; };
		83F4D07F1A1388CD0068BEB2 /* libtransaction.a in Frameworks */ = {isa = PBXBuildFile; fileRef = 83F4D07E1A1388CD0068BEB2 /* libtransaction.a */; };
		83F4D0821A1388F40068BEB2 /* libbackend_boost_context.a in Frameworks */ = {isa = PBXBuildFile; fileRef = 83F4D0801A1388F40068BEB2 /* libbackend_boost_context.a */; };
		83F4D0831A1388F40068BEB2 /* libbackend.a in Frameworks */ = {isa = PBXBuildFile; fileRef = 83F4D0811A1388F40068BEB2 /* libbackend.a */; };
		83F4D0851A1389120068BEB2 /* libminiupnp.a in Frameworks */ = {isa = PBXBuildFile; fileRef = 83F4D0841A1389120068BEB2 /* libminiupnp.a */; };
		83F4D0871A1389250068BEB2 /* libmetaclient.a in Frameworks */ = {isa = PBXBuildFile; fileRef = 83F4D0861A1389250068BEB2 /* libmetaclient.a */; };
		83F4D0891A13892F0068BEB2 /* libtrophonius-client.a in Frameworks */ = {isa = PBXBuildFile; fileRef = 83F4D0881A13892F0068BEB2 /* libtrophonius-client.a */; };
		83F4D08B1A1389430068BEB2 /* libiconv.dylib in Frameworks */ = {isa = PBXBuildFile; fileRef = 83F4D08A1A1389430068BEB2 /* libiconv.dylib */; };
		83F4D0961A13902A0068BEB2 /* libGap-iOS.a in Frameworks */ = {isa = PBXBuildFile; fileRef = 83F4D0931A1390170068BEB2 /* libGap-iOS.a */; settings = {ATTRIBUTES = (Required, ); }; };
		83F4D09F1A13AE0D0068BEB2 /* InfinitPeerTransactionsController.m in Sources */ = {isa = PBXBuildFile; fileRef = 83F4D09E1A13AE0D0068BEB2 /* InfinitPeerTransactionsController.m */; };
		83F4D0A21A13BC490068BEB2 /* InfinitPeerTransactionCell.m in Sources */ = {isa = PBXBuildFile; fileRef = 83F4D0A11A13BC490068BEB2 /* InfinitPeerTransactionCell.m */; };
		83F4D0A61A14B48D0068BEB2 /* InfinitPeerSendController.m in Sources */ = {isa = PBXBuildFile; fileRef = 83F4D0A51A14B48D0068BEB2 /* InfinitPeerSendController.m */; };
		83F72C9C1A1502940088106E /* InfinitPeerSendFileCell.m in Sources */ = {isa = PBXBuildFile; fileRef = 83F72C9B1A1502940088106E /* InfinitPeerSendFileCell.m */; };
		83F72CA11A15123F0088106E /* InfinitLinkTransactionsController.m in Sources */ = {isa = PBXBuildFile; fileRef = 83F72CA01A15123F0088106E /* InfinitLinkTransactionsController.m */; };
		83F72CA41A15131A0088106E /* InfinitLinkTransactionCell.m in Sources */ = {isa = PBXBuildFile; fileRef = 83F72CA31A15131A0088106E /* InfinitLinkTransactionCell.m */; };
		83FA72FC1A66FF1D0014B0E4 /* VENBackspaceTextField.m in Sources */ = {isa = PBXBuildFile; fileRef = 83FA72F61A66FF1D0014B0E4 /* VENBackspaceTextField.m */; };
		83FA72FD1A66FF1D0014B0E4 /* VENToken.m in Sources */ = {isa = PBXBuildFile; fileRef = 83FA72F81A66FF1D0014B0E4 /* VENToken.m */; };
		83FA72FE1A66FF1D0014B0E4 /* VENToken.xib in Resources */ = {isa = PBXBuildFile; fileRef = 83FA72F91A66FF1D0014B0E4 /* VENToken.xib */; };
		83FA72FF1A66FF1D0014B0E4 /* VENTokenField.m in Sources */ = {isa = PBXBuildFile; fileRef = 83FA72FB1A66FF1D0014B0E4 /* VENTokenField.m */; };
		83FA73061A66FF260014B0E4 /* ScrollViewFrameAccessor.m in Sources */ = {isa = PBXBuildFile; fileRef = 83FA73031A66FF260014B0E4 /* ScrollViewFrameAccessor.m */; };
		83FA73071A66FF260014B0E4 /* ViewFrameAccessor.m in Sources */ = {isa = PBXBuildFile; fileRef = 83FA73051A66FF260014B0E4 /* ViewFrameAccessor.m */; };
		83FE9C8B1A161F6D00FC1CFD /* InfinitLinkSendController.m in Sources */ = {isa = PBXBuildFile; fileRef = 83FE9C8A1A161F6D00FC1CFD /* InfinitLinkSendController.m */; };
		D00045BD1A499A20008DB448 /* InfinitSendImportCell.m in Sources */ = {isa = PBXBuildFile; fileRef = D00045BC1A499A20008DB448 /* InfinitSendImportCell.m */; };
		D01A64541A4861800041A8C2 /* FileGridCell.m in Sources */ = {isa = PBXBuildFile; fileRef = D01A64531A4861800041A8C2 /* FileGridCell.m */; };
		D01A64581A4861930041A8C2 /* FileListCell.m in Sources */ = {isa = PBXBuildFile; fileRef = D01A64571A4861930041A8C2 /* FileListCell.m */; };
		D01A645B1A48635C0041A8C2 /* InfinitFileCollectionViewController.m in Sources */ = {isa = PBXBuildFile; fileRef = D01A645A1A48635C0041A8C2 /* InfinitFileCollectionViewController.m */; };
		D01A645E1A48B38D0041A8C2 /* InfinitContactViewController.m in Sources */ = {isa = PBXBuildFile; fileRef = D01A645D1A48B38D0041A8C2 /* InfinitContactViewController.m */; };
		D02F432C1A5DA34F00447E84 /* WelcomeSignupFormView.m in Sources */ = {isa = PBXBuildFile; fileRef = D02F432B1A5DA34F00447E84 /* WelcomeSignupFormView.m */; };
		D02F432E1A5DA36A00447E84 /* WelcomeSignupFormView.xib in Resources */ = {isa = PBXBuildFile; fileRef = D02F432D1A5DA36A00447E84 /* WelcomeSignupFormView.xib */; };
		D02F43301A5DA38200447E84 /* WelcomeLoginFormView.xib in Resources */ = {isa = PBXBuildFile; fileRef = D02F432F1A5DA38200447E84 /* WelcomeLoginFormView.xib */; };
		D02F43331A5DA39900447E84 /* WelcomeLoginFormView.m in Sources */ = {isa = PBXBuildFile; fileRef = D02F43321A5DA39900447E84 /* WelcomeLoginFormView.m */; };
		D02FF50B1A4DACA600A93DBD /* ContactOtherCell.m in Sources */ = {isa = PBXBuildFile; fileRef = D02FF50A1A4DACA600A93DBD /* ContactOtherCell.m */; };
		D03FAAF31A4798B9005A8244 /* InfinitContactsTableViewController.m in Sources */ = {isa = PBXBuildFile; fileRef = D03FAAF21A4798B9005A8244 /* InfinitContactsTableViewController.m */; };
		D03FAAF61A479BF3005A8244 /* CGLAlphabetizer.m in Sources */ = {isa = PBXBuildFile; fileRef = D03FAAF51A479BF3005A8244 /* CGLAlphabetizer.m */; };
		D03FAAF91A479D2C005A8244 /* CGLContact.m in Sources */ = {isa = PBXBuildFile; fileRef = D03FAAF81A479D2C005A8244 /* CGLContact.m */; };
		D03FAAFC1A47A3B1005A8244 /* ContactCell.m in Sources */ = {isa = PBXBuildFile; fileRef = D03FAAFB1A47A3B1005A8244 /* ContactCell.m */; };
		D05726B31A50BA880097083C /* InfinitSendUserCell.m in Sources */ = {isa = PBXBuildFile; fileRef = D05726B11A50BA880097083C /* InfinitSendUserCell.m */; };
		D05D5D1A1A24C4B1005529E8 /* InfinitSendGalleryCell.m in Sources */ = {isa = PBXBuildFile; fileRef = D05D5D191A24C4B1005529E8 /* InfinitSendGalleryCell.m */; };
		D0659F661A3E865A0001ACAE /* InfinitWelcomeController.m in Sources */ = {isa = PBXBuildFile; fileRef = D0659F651A3E865A0001ACAE /* InfinitWelcomeController.m */; };
		D09848131A43391B002D26AC /* SourceSansPro-Black.otf in Resources */ = {isa = PBXBuildFile; fileRef = D09848041A43391B002D26AC /* SourceSansPro-Black.otf */; };
		D09848141A43391B002D26AC /* SourceSansPro-BlackIt.otf in Resources */ = {isa = PBXBuildFile; fileRef = D09848051A43391B002D26AC /* SourceSansPro-BlackIt.otf */; };
		D09848151A43391B002D26AC /* SourceSansPro-Bold.otf in Resources */ = {isa = PBXBuildFile; fileRef = D09848061A43391B002D26AC /* SourceSansPro-Bold.otf */; };
		D09848161A43391B002D26AC /* SourceSansPro-BoldIt.otf in Resources */ = {isa = PBXBuildFile; fileRef = D09848071A43391B002D26AC /* SourceSansPro-BoldIt.otf */; };
		D09848171A43391B002D26AC /* SourceSansPro-ExtraLight.otf in Resources */ = {isa = PBXBuildFile; fileRef = D09848081A43391B002D26AC /* SourceSansPro-ExtraLight.otf */; };
		D09848181A43391B002D26AC /* SourceSansPro-ExtraLightIt.otf in Resources */ = {isa = PBXBuildFile; fileRef = D09848091A43391B002D26AC /* SourceSansPro-ExtraLightIt.otf */; };
		D09848191A43391B002D26AC /* SourceSansPro-It.otf in Resources */ = {isa = PBXBuildFile; fileRef = D098480A1A43391B002D26AC /* SourceSansPro-It.otf */; };
		D098481A1A43391B002D26AC /* SourceSansPro-Light.otf in Resources */ = {isa = PBXBuildFile; fileRef = D098480B1A43391B002D26AC /* SourceSansPro-Light.otf */; };
		D098481B1A43391B002D26AC /* SourceSansPro-LightIt.otf in Resources */ = {isa = PBXBuildFile; fileRef = D098480C1A43391B002D26AC /* SourceSansPro-LightIt.otf */; };
		D098481C1A43391B002D26AC /* SourceSansPro-Regular.otf in Resources */ = {isa = PBXBuildFile; fileRef = D098480D1A43391B002D26AC /* SourceSansPro-Regular.otf */; };
		D098481D1A43391B002D26AC /* SourceSansPro-Semibold.otf in Resources */ = {isa = PBXBuildFile; fileRef = D098480E1A43391B002D26AC /* SourceSansPro-Semibold.otf */; };
		D098481E1A43391B002D26AC /* SourceSansPro-SemiboldIt.otf in Resources */ = {isa = PBXBuildFile; fileRef = D098480F1A43391B002D26AC /* SourceSansPro-SemiboldIt.otf */; };
		D098481F1A43391B002D26AC /* LucidaGrande.ttc in Resources */ = {isa = PBXBuildFile; fileRef = D09848101A43391B002D26AC /* LucidaGrande.ttc */; };
		D09848201A43391B002D26AC /* Montserrat-Bold.ttf in Resources */ = {isa = PBXBuildFile; fileRef = D09848111A43391B002D26AC /* Montserrat-Bold.ttf */; };
		D09848211A43391B002D26AC /* Montserrat-Regular.ttf in Resources */ = {isa = PBXBuildFile; fileRef = D09848121A43391B002D26AC /* Montserrat-Regular.ttf */; };
		D0BC70431A41B4B7006923F2 /* InfinitTabBarController.m in Sources */ = {isa = PBXBuildFile; fileRef = D0BC70421A41B4B7006923F2 /* InfinitTabBarController.m */; };
		D0BC70471A41C04C006923F2 /* InfinitSendMediaViewController.m in Sources */ = {isa = PBXBuildFile; fileRef = D0BC70461A41C04C006923F2 /* InfinitSendMediaViewController.m */; };
		D0BD351F1A42202300AB8EF9 /* InfinitFileViewController.m in Sources */ = {isa = PBXBuildFile; fileRef = D0BD351E1A42202300AB8EF9 /* InfinitFileViewController.m */; };
		D0BD35231A4245AF00AB8EF9 /* InfinitSelectPeopleViewController.m in Sources */ = {isa = PBXBuildFile; fileRef = D0BD35221A4245AF00AB8EF9 /* InfinitSelectPeopleViewController.m */; };
		D0D613C81A52E51600D454B6 /* InfinitHomeCollectionViewController.m in Sources */ = {isa = PBXBuildFile; fileRef = D0D613C71A52E51600D454B6 /* InfinitHomeCollectionViewController.m */; };
		D0D613CC1A52E6D500D454B6 /* HomeSmallCollectionViewCell.m in Sources */ = {isa = PBXBuildFile; fileRef = D0D613CB1A52E6D500D454B6 /* HomeSmallCollectionViewCell.m */; };
		D0D613CF1A52F77700D454B6 /* HomeLargeCollectionViewCell.m in Sources */ = {isa = PBXBuildFile; fileRef = D0D613CE1A52F77700D454B6 /* HomeLargeCollectionViewCell.m */; };
/* End PBXBuildFile section */

/* Begin PBXContainerItemProxy section */
		8396104D1A2326680044B874 /* PBXContainerItemProxy */ = {
			isa = PBXContainerItemProxy;
			containerPortal = 83F4D08D1A1390160068BEB2 /* Gap.xcodeproj */;
			proxyType = 2;
			remoteGlobalIDString = 83F35D1F1A1D02EE00DF7F35;
			remoteInfo = "Gap-OSX";
		};
		83B32D771A136486004AB945 /* PBXContainerItemProxy */ = {
			isa = PBXContainerItemProxy;
			containerPortal = 83B32D551A136485004AB945 /* Project object */;
			proxyType = 1;
			remoteGlobalIDString = 83B32D5C1A136485004AB945;
			remoteInfo = Infinit;
		};
		83F4D0921A1390170068BEB2 /* PBXContainerItemProxy */ = {
			isa = PBXContainerItemProxy;
			containerPortal = 83F4D08D1A1390160068BEB2 /* Gap.xcodeproj */;
			proxyType = 2;
			remoteGlobalIDString = 83568D791A136D7700766DA3;
			remoteInfo = "Gap-iOS";
		};
		83F4D0971A1390340068BEB2 /* PBXContainerItemProxy */ = {
			isa = PBXContainerItemProxy;
			containerPortal = 83F4D08D1A1390160068BEB2 /* Gap.xcodeproj */;
			proxyType = 1;
			remoteGlobalIDString = 83568D781A136D7700766DA3;
			remoteInfo = "Gap-iOS";
		};
/* End PBXContainerItemProxy section */

/* Begin PBXCopyFilesBuildPhase section */
		D05D5D141A24BFAB005529E8 /* Embed App Extensions */ = {
			isa = PBXCopyFilesBuildPhase;
			buildActionMask = 2147483647;
			dstPath = "";
			dstSubfolderSpec = 13;
			files = (
			);
			name = "Embed App Extensions";
			runOnlyForDeploymentPostprocessing = 0;
		};
/* End PBXCopyFilesBuildPhase section */

/* Begin PBXFileReference section */
		831237261A602C6900D5C41C /* InfinitSendTabIcon.h */ = {isa = PBXFileReference; fileEncoding = 4; lastKnownFileType = sourcecode.c.h; path = InfinitSendTabIcon.h; sourceTree = "<group>"; };
		831237271A602C6900D5C41C /* InfinitSendTabIcon.m */ = {isa = PBXFileReference; fileEncoding = 4; lastKnownFileType = sourcecode.c.objc; path = InfinitSendTabIcon.m; sourceTree = "<group>"; };
		8312372A1A613A3800D5C41C /* InfinitAccessGalleryView.xib */ = {isa = PBXFileReference; fileEncoding = 4; lastKnownFileType = file.xib; path = InfinitAccessGalleryView.xib; sourceTree = "<group>"; };
		8312372D1A613A8900D5C41C /* InfinitAccessGalleryView.h */ = {isa = PBXFileReference; fileEncoding = 4; lastKnownFileType = sourcecode.c.h; path = InfinitAccessGalleryView.h; sourceTree = "<group>"; };
		8312372E1A613A8900D5C41C /* InfinitAccessGalleryView.m */ = {isa = PBXFileReference; fileEncoding = 4; lastKnownFileType = sourcecode.c.objc; path = InfinitAccessGalleryView.m; sourceTree = "<group>"; };
		833DFCBB1A2F837400B0D213 /* AssetsLibrary.framework */ = {isa = PBXFileReference; lastKnownFileType = wrapper.framework; name = AssetsLibrary.framework; path = System/Library/Frameworks/AssetsLibrary.framework; sourceTree = SDKROOT; };
		833E3ABF1A63C6A60088D3FF /* InfinitAccessContactsView.xib */ = {isa = PBXFileReference; fileEncoding = 4; lastKnownFileType = file.xib; path = InfinitAccessContactsView.xib; sourceTree = "<group>"; };
		833E3AC11A63CF4D0088D3FF /* InfinitAccessContactsView.h */ = {isa = PBXFileReference; fileEncoding = 4; lastKnownFileType = sourcecode.c.h; path = InfinitAccessContactsView.h; sourceTree = "<group>"; };
		833E3AC21A63CF4D0088D3FF /* InfinitAccessContactsView.m */ = {isa = PBXFileReference; fileEncoding = 4; lastKnownFileType = sourcecode.c.objc; path = InfinitAccessContactsView.m; sourceTree = "<group>"; };
		833E3AC41A63D16C0088D3FF /* InfinitApplicationSettings.h */ = {isa = PBXFileReference; fileEncoding = 4; lastKnownFileType = sourcecode.c.h; path = InfinitApplicationSettings.h; sourceTree = "<group>"; };
		833E3AC51A63D16C0088D3FF /* InfinitApplicationSettings.m */ = {isa = PBXFileReference; fileEncoding = 4; lastKnownFileType = sourcecode.c.objc; path = InfinitApplicationSettings.m; sourceTree = "<group>"; };
		833E3AC81A63D8880088D3FF /* InfinitImportOverlayView.xib */ = {isa = PBXFileReference; fileEncoding = 4; lastKnownFileType = file.xib; path = InfinitImportOverlayView.xib; sourceTree = "<group>"; };
		833E3ACA1A63D89B0088D3FF /* InfinitImportOverlayView.h */ = {isa = PBXFileReference; fileEncoding = 4; lastKnownFileType = sourcecode.c.h; path = InfinitImportOverlayView.h; sourceTree = "<group>"; };
		833E3ACB1A63D89B0088D3FF /* InfinitImportOverlayView.m */ = {isa = PBXFileReference; fileEncoding = 4; lastKnownFileType = sourcecode.c.objc; path = InfinitImportOverlayView.m; sourceTree = "<group>"; };
		833E3ACD1A63E8B80088D3FF /* InfinitContact.h */ = {isa = PBXFileReference; fileEncoding = 4; lastKnownFileType = sourcecode.c.h; path = InfinitContact.h; sourceTree = "<group>"; };
		833E3ACE1A63E8B80088D3FF /* InfinitContact.m */ = {isa = PBXFileReference; fileEncoding = 4; lastKnownFileType = sourcecode.c.objc; path = InfinitContact.m; sourceTree = "<group>"; };
		8343F5D41A628011006E04C0 /* InfinitTabAnimator.h */ = {isa = PBXFileReference; fileEncoding = 4; lastKnownFileType = sourcecode.c.h; path = InfinitTabAnimator.h; sourceTree = "<group>"; };
		8343F5D51A628011006E04C0 /* InfinitTabAnimator.m */ = {isa = PBXFileReference; fileEncoding = 4; lastKnownFileType = sourcecode.c.objc; path = InfinitTabAnimator.m; sourceTree = "<group>"; };
		83612F8C1A5D7FDB00BDF7CE /* NSData+Conversion.h */ = {isa = PBXFileReference; fileEncoding = 4; lastKnownFileType = sourcecode.c.h; path = "NSData+Conversion.h"; sourceTree = "<group>"; };
		83612F8D1A5D7FDB00BDF7CE /* NSData+Conversion.m */ = {isa = PBXFileReference; fileEncoding = 4; lastKnownFileType = sourcecode.c.objc; path = "NSData+Conversion.m"; sourceTree = "<group>"; };
		8365DE861A5E8694003527DE /* InfinitColor.h */ = {isa = PBXFileReference; fileEncoding = 4; lastKnownFileType = sourcecode.c.h; path = InfinitColor.h; sourceTree = "<group>"; };
		8365DE871A5E8694003527DE /* InfinitColor.m */ = {isa = PBXFileReference; fileEncoding = 4; lastKnownFileType = sourcecode.c.objc; path = InfinitColor.m; sourceTree = "<group>"; };
		836D39481A67F0FB00892206 /* NSString+email.h */ = {isa = PBXFileReference; fileEncoding = 4; lastKnownFileType = sourcecode.c.h; path = "NSString+email.h"; sourceTree = "<group>"; };
		836D39491A67F0FB00892206 /* NSString+email.m */ = {isa = PBXFileReference; fileEncoding = 4; lastKnownFileType = sourcecode.c.objc; path = "NSString+email.m"; sourceTree = "<group>"; };
		836D399F1A69409300892206 /* UIImage+circular.h */ = {isa = PBXFileReference; fileEncoding = 4; lastKnownFileType = sourcecode.c.h; path = "UIImage+circular.h"; sourceTree = "<group>"; };
		836D39A01A69409300892206 /* UIImage+circular.m */ = {isa = PBXFileReference; fileEncoding = 4; lastKnownFileType = sourcecode.c.objc; path = "UIImage+circular.m"; sourceTree = "<group>"; };
		836F5C8B1A166720007C9C4E /* SystemConfiguration.framework */ = {isa = PBXFileReference; lastKnownFileType = wrapper.framework; name = SystemConfiguration.framework; path = System/Library/Frameworks/SystemConfiguration.framework; sourceTree = SDKROOT; };
		839B813D1A6407990057E92B /* InfinitSendContactCell.h */ = {isa = PBXFileReference; fileEncoding = 4; lastKnownFileType = sourcecode.c.h; path = InfinitSendContactCell.h; sourceTree = "<group>"; };
		839B813E1A6407990057E92B /* InfinitSendContactCell.m */ = {isa = PBXFileReference; fileEncoding = 4; lastKnownFileType = sourcecode.c.objc; path = InfinitSendContactCell.m; sourceTree = "<group>"; };
		839B81401A641CF00057E92B /* InfinitCheckView.h */ = {isa = PBXFileReference; fileEncoding = 4; lastKnownFileType = sourcecode.c.h; path = InfinitCheckView.h; sourceTree = "<group>"; };
		839B81411A641CF00057E92B /* InfinitCheckView.m */ = {isa = PBXFileReference; fileEncoding = 4; lastKnownFileType = sourcecode.c.objc; path = InfinitCheckView.m; sourceTree = "<group>"; };
		839B81491A6443220057E92B /* InfinitSendAbstractCell.h */ = {isa = PBXFileReference; fileEncoding = 4; lastKnownFileType = sourcecode.c.h; path = InfinitSendAbstractCell.h; sourceTree = "<group>"; };
		839B814A1A6443220057E92B /* InfinitSendAbstractCell.m */ = {isa = PBXFileReference; fileEncoding = 4; lastKnownFileType = sourcecode.c.objc; path = InfinitSendAbstractCell.m; sourceTree = "<group>"; };
		83B32D5D1A136485004AB945 /* Infinit.app */ = {isa = PBXFileReference; explicitFileType = wrapper.application; includeInIndex = 0; path = Infinit.app; sourceTree = BUILT_PRODUCTS_DIR; };
		83B32D611A136485004AB945 /* Info.plist */ = {isa = PBXFileReference; lastKnownFileType = text.plist.xml; path = Info.plist; sourceTree = "<group>"; };
		83B32D621A136485004AB945 /* main.m */ = {isa = PBXFileReference; lastKnownFileType = sourcecode.c.objc; path = main.m; sourceTree = "<group>"; };
		83B32D641A136485004AB945 /* AppDelegate.h */ = {isa = PBXFileReference; lastKnownFileType = sourcecode.c.h; path = AppDelegate.h; sourceTree = "<group>"; };
		83B32D671A136485004AB945 /* ViewController.h */ = {isa = PBXFileReference; lastKnownFileType = sourcecode.c.h; path = ViewController.h; sourceTree = "<group>"; };
		83B32D681A136485004AB945 /* ViewController.m */ = {isa = PBXFileReference; lastKnownFileType = sourcecode.c.objc; path = ViewController.m; sourceTree = "<group>"; };
		83B32D6D1A136485004AB945 /* Images.xcassets */ = {isa = PBXFileReference; lastKnownFileType = folder.assetcatalog; path = Images.xcassets; sourceTree = "<group>"; };
		83B32D761A136486004AB945 /* InfinitTests.xctest */ = {isa = PBXFileReference; explicitFileType = wrapper.cfbundle; includeInIndex = 0; path = InfinitTests.xctest; sourceTree = BUILT_PRODUCTS_DIR; };
		83B32D7B1A136486004AB945 /* Info.plist */ = {isa = PBXFileReference; lastKnownFileType = text.plist.xml; path = Info.plist; sourceTree = "<group>"; };
		83B32D7C1A136486004AB945 /* InfinitTests.m */ = {isa = PBXFileReference; lastKnownFileType = sourcecode.c.objc; path = InfinitTests.m; sourceTree = "<group>"; };
		83B32E051A1365E9004AB945 /* AppDelegate.m */ = {isa = PBXFileReference; fileEncoding = 4; lastKnownFileType = sourcecode.c.objc; path = AppDelegate.m; sourceTree = "<group>"; };
		83B32E071A13660D004AB945 /* LaunchScreen.xib */ = {isa = PBXFileReference; fileEncoding = 4; lastKnownFileType = file.xib; path = LaunchScreen.xib; sourceTree = "<group>"; };
		83B32E091A136614004AB945 /* Main.storyboard */ = {isa = PBXFileReference; fileEncoding = 4; lastKnownFileType = file.storyboard; path = Main.storyboard; sourceTree = "<group>"; };
		83B5D60A1A6661D80061931F /* InfinitKeychain.h */ = {isa = PBXFileReference; fileEncoding = 4; lastKnownFileType = sourcecode.c.h; path = InfinitKeychain.h; sourceTree = "<group>"; };
		83B5D60B1A6661D80061931F /* InfinitKeychain.m */ = {isa = PBXFileReference; fileEncoding = 4; lastKnownFileType = sourcecode.c.objc; path = InfinitKeychain.m; sourceTree = "<group>"; };
		83B5D60D1A6663430061931F /* Security.framework */ = {isa = PBXFileReference; lastKnownFileType = wrapper.framework; name = Security.framework; path = System/Library/Frameworks/Security.framework; sourceTree = SDKROOT; };
		83B5D6121A66AAB70061931F /* InfinitLoggingInController.h */ = {isa = PBXFileReference; fileEncoding = 4; lastKnownFileType = sourcecode.c.h; path = InfinitLoggingInController.h; sourceTree = "<group>"; };
		83B5D6131A66AAB70061931F /* InfinitLoggingInController.m */ = {isa = PBXFileReference; fileEncoding = 4; lastKnownFileType = sourcecode.c.objc; path = InfinitLoggingInController.m; sourceTree = "<group>"; };
		83B5D6151A66BC4E0061931F /* ALAsset+Date.h */ = {isa = PBXFileReference; fileEncoding = 4; lastKnownFileType = sourcecode.c.h; path = "ALAsset+Date.h"; sourceTree = "<group>"; };
		83B5D6161A66BC4E0061931F /* ALAsset+Date.m */ = {isa = PBXFileReference; fileEncoding = 4; lastKnownFileType = sourcecode.c.objc; path = "ALAsset+Date.m"; sourceTree = "<group>"; };
		83F4D0241A1374660068BEB2 /* libc++.dylib */ = {isa = PBXFileReference; lastKnownFileType = "compiled.mach-o.dylib"; name = "libc++.dylib"; path = "usr/lib/libc++.dylib"; sourceTree = SDKROOT; };
		83F4D04A1A1387EF0068BEB2 /* libaws.a */ = {isa = PBXFileReference; lastKnownFileType = archive.ar; name = libaws.a; path = ../../../_build/ios/elle/aws/lib/libaws.a; sourceTree = "<group>"; };
		83F4D04C1A1388050068BEB2 /* libboost_atomic-mt-s.a */ = {isa = PBXFileReference; lastKnownFileType = archive.ar; name = "libboost_atomic-mt-s.a"; path = "../../../_build/ios/elle/boost/lib/libboost_atomic-mt-s.a"; sourceTree = "<group>"; };
		83F4D04D1A1388050068BEB2 /* libboost_chrono-mt-s.a */ = {isa = PBXFileReference; lastKnownFileType = archive.ar; name = "libboost_chrono-mt-s.a"; path = "../../../_build/ios/elle/boost/lib/libboost_chrono-mt-s.a"; sourceTree = "<group>"; };
		83F4D04E1A1388050068BEB2 /* libboost_context-mt-s.a */ = {isa = PBXFileReference; lastKnownFileType = archive.ar; name = "libboost_context-mt-s.a"; path = "../../../_build/ios/elle/boost/lib/libboost_context-mt-s.a"; sourceTree = "<group>"; };
		83F4D04F1A1388050068BEB2 /* libboost_date_time-mt-s.a */ = {isa = PBXFileReference; lastKnownFileType = archive.ar; name = "libboost_date_time-mt-s.a"; path = "../../../_build/ios/elle/boost/lib/libboost_date_time-mt-s.a"; sourceTree = "<group>"; };
		83F4D0501A1388050068BEB2 /* libboost_filesystem-mt-s.a */ = {isa = PBXFileReference; lastKnownFileType = archive.ar; name = "libboost_filesystem-mt-s.a"; path = "../../../_build/ios/elle/boost/lib/libboost_filesystem-mt-s.a"; sourceTree = "<group>"; };
		83F4D0511A1388050068BEB2 /* libboost_signals-mt-s.a */ = {isa = PBXFileReference; lastKnownFileType = archive.ar; name = "libboost_signals-mt-s.a"; path = "../../../_build/ios/elle/boost/lib/libboost_signals-mt-s.a"; sourceTree = "<group>"; };
		83F4D0521A1388050068BEB2 /* libboost_system-mt-s.a */ = {isa = PBXFileReference; lastKnownFileType = archive.ar; name = "libboost_system-mt-s.a"; path = "../../../_build/ios/elle/boost/lib/libboost_system-mt-s.a"; sourceTree = "<group>"; };
		83F4D0531A1388050068BEB2 /* libboost_thread-mt-s.a */ = {isa = PBXFileReference; lastKnownFileType = archive.ar; name = "libboost_thread-mt-s.a"; path = "../../../_build/ios/elle/boost/lib/libboost_thread-mt-s.a"; sourceTree = "<group>"; };
		83F4D05D1A13880F0068BEB2 /* libcryptography.a */ = {isa = PBXFileReference; lastKnownFileType = archive.ar; name = libcryptography.a; path = ../../../_build/ios/elle/cryptography/lib/libcryptography.a; sourceTree = "<group>"; };
		83F4D0621A1388170068BEB2 /* libcurl.a */ = {isa = PBXFileReference; lastKnownFileType = archive.ar; name = libcurl.a; path = ../../../_build/ios/elle/curl/lib/libcurl.a; sourceTree = "<group>"; };
		83F4D0641A13881F0068BEB2 /* libelle.a */ = {isa = PBXFileReference; lastKnownFileType = archive.ar; name = libelle.a; path = ../../../_build/ios/elle/elle/lib/libelle.a; sourceTree = "<group>"; };
		83F4D0661A13882B0068BEB2 /* libarchive.a */ = {isa = PBXFileReference; lastKnownFileType = archive.ar; name = libarchive.a; path = ../../../_build/ios/elle/libarchive/lib/libarchive.a; sourceTree = "<group>"; };
		83F4D0681A13883E0068BEB2 /* libcrypto.a */ = {isa = PBXFileReference; lastKnownFileType = archive.ar; name = libcrypto.a; path = ../../../_build/ios/elle/openssl/lib/libcrypto.a; sourceTree = "<group>"; };
		83F4D0691A13883E0068BEB2 /* libssl.a */ = {isa = PBXFileReference; lastKnownFileType = archive.ar; name = libssl.a; path = ../../../_build/ios/elle/openssl/lib/libssl.a; sourceTree = "<group>"; };
		83F4D06C1A1388500068BEB2 /* libprotocol.a */ = {isa = PBXFileReference; lastKnownFileType = archive.ar; name = libprotocol.a; path = ../../../_build/ios/elle/protocol/lib/libprotocol.a; sourceTree = "<group>"; };
		83F4D06E1A13885B0068BEB2 /* libreactor.a */ = {isa = PBXFileReference; lastKnownFileType = archive.ar; name = libreactor.a; path = ../../../_build/ios/elle/reactor/lib/libreactor.a; sourceTree = "<group>"; };
		83F4D0701A1388660068BEB2 /* libz.a */ = {isa = PBXFileReference; lastKnownFileType = archive.ar; name = libz.a; path = ../../../_build/ios/elle/zlib/lib/libz.a; sourceTree = "<group>"; };
		83F4D0721A1388760068BEB2 /* libcrash.a */ = {isa = PBXFileReference; lastKnownFileType = archive.ar; name = libcrash.a; path = ../../../_build/ios/lib/libcrash.a; sourceTree = "<group>"; };
		83F4D0731A1388760068BEB2 /* libfrete.a */ = {isa = PBXFileReference; lastKnownFileType = archive.ar; name = libfrete.a; path = ../../../_build/ios/lib/libfrete.a; sourceTree = "<group>"; };
		83F4D0741A1388760068BEB2 /* libgap.a */ = {isa = PBXFileReference; lastKnownFileType = archive.ar; name = libgap.a; path = ../../../_build/ios/lib/libgap.a; sourceTree = "<group>"; };
		83F4D0751A1388760068BEB2 /* libpapier.a */ = {isa = PBXFileReference; lastKnownFileType = archive.ar; name = libpapier.a; path = ../../../_build/ios/lib/libpapier.a; sourceTree = "<group>"; };
		83F4D0761A1388760068BEB2 /* libstation.a */ = {isa = PBXFileReference; lastKnownFileType = archive.ar; name = libstation.a; path = ../../../_build/ios/lib/libstation.a; sourceTree = "<group>"; };
		83F4D07C1A1388C50068BEB2 /* libmetrics.a */ = {isa = PBXFileReference; lastKnownFileType = archive.ar; name = libmetrics.a; path = ../../../_build/ios/metrics/lib/libmetrics.a; sourceTree = "<group>"; };
		83F4D07E1A1388CD0068BEB2 /* libtransaction.a */ = {isa = PBXFileReference; lastKnownFileType = archive.ar; name = libtransaction.a; path = ../../../_build/ios/oracles/lib/libtransaction.a; sourceTree = "<group>"; };
		83F4D0801A1388F40068BEB2 /* libbackend_boost_context.a */ = {isa = PBXFileReference; lastKnownFileType = archive.ar; name = libbackend_boost_context.a; path = ../../../_build/ios/elle/reactor/lib/reactor/libbackend_boost_context.a; sourceTree = "<group>"; };
		83F4D0811A1388F40068BEB2 /* libbackend.a */ = {isa = PBXFileReference; lastKnownFileType = archive.ar; name = libbackend.a; path = ../../../_build/ios/elle/reactor/lib/reactor/libbackend.a; sourceTree = "<group>"; };
		83F4D0841A1389120068BEB2 /* libminiupnp.a */ = {isa = PBXFileReference; lastKnownFileType = archive.ar; name = libminiupnp.a; path = ../../../_build/ios/elle/reactor/miniupnp/miniupnpc/lib/libminiupnp.a; sourceTree = "<group>"; };
		83F4D0861A1389250068BEB2 /* libmetaclient.a */ = {isa = PBXFileReference; lastKnownFileType = archive.ar; name = libmetaclient.a; path = ../../../_build/ios/oracles/meta/client/lib/libmetaclient.a; sourceTree = "<group>"; };
		83F4D0881A13892F0068BEB2 /* libtrophonius-client.a */ = {isa = PBXFileReference; lastKnownFileType = archive.ar; name = "libtrophonius-client.a"; path = "../../../_build/ios/oracles/trophonius/client/lib/libtrophonius-client.a"; sourceTree = "<group>"; };
		83F4D08A1A1389430068BEB2 /* libiconv.dylib */ = {isa = PBXFileReference; lastKnownFileType = "compiled.mach-o.dylib"; name = libiconv.dylib; path = usr/lib/libiconv.dylib; sourceTree = SDKROOT; };
		83F4D08D1A1390160068BEB2 /* Gap.xcodeproj */ = {isa = PBXFileReference; lastKnownFileType = "wrapper.pb-project"; name = Gap.xcodeproj; path = "../../objcpp-gap/Gap/Gap.xcodeproj"; sourceTree = "<group>"; };
		83F4D09D1A13AE0D0068BEB2 /* InfinitPeerTransactionsController.h */ = {isa = PBXFileReference; fileEncoding = 4; lastKnownFileType = sourcecode.c.h; path = InfinitPeerTransactionsController.h; sourceTree = "<group>"; };
		83F4D09E1A13AE0D0068BEB2 /* InfinitPeerTransactionsController.m */ = {isa = PBXFileReference; fileEncoding = 4; lastKnownFileType = sourcecode.c.objc; path = InfinitPeerTransactionsController.m; sourceTree = "<group>"; };
		83F4D0A01A13BC490068BEB2 /* InfinitPeerTransactionCell.h */ = {isa = PBXFileReference; fileEncoding = 4; lastKnownFileType = sourcecode.c.h; path = InfinitPeerTransactionCell.h; sourceTree = "<group>"; };
		83F4D0A11A13BC490068BEB2 /* InfinitPeerTransactionCell.m */ = {isa = PBXFileReference; fileEncoding = 4; lastKnownFileType = sourcecode.c.objc; path = InfinitPeerTransactionCell.m; sourceTree = "<group>"; };
		83F4D0A41A14B48D0068BEB2 /* InfinitPeerSendController.h */ = {isa = PBXFileReference; fileEncoding = 4; lastKnownFileType = sourcecode.c.h; path = InfinitPeerSendController.h; sourceTree = "<group>"; };
		83F4D0A51A14B48D0068BEB2 /* InfinitPeerSendController.m */ = {isa = PBXFileReference; fileEncoding = 4; lastKnownFileType = sourcecode.c.objc; path = InfinitPeerSendController.m; sourceTree = "<group>"; };
		83F72C9A1A1502940088106E /* InfinitPeerSendFileCell.h */ = {isa = PBXFileReference; fileEncoding = 4; lastKnownFileType = sourcecode.c.h; path = InfinitPeerSendFileCell.h; sourceTree = "<group>"; };
		83F72C9B1A1502940088106E /* InfinitPeerSendFileCell.m */ = {isa = PBXFileReference; fileEncoding = 4; lastKnownFileType = sourcecode.c.objc; path = InfinitPeerSendFileCell.m; sourceTree = "<group>"; };
		83F72C9F1A15123F0088106E /* InfinitLinkTransactionsController.h */ = {isa = PBXFileReference; fileEncoding = 4; lastKnownFileType = sourcecode.c.h; path = InfinitLinkTransactionsController.h; sourceTree = "<group>"; };
		83F72CA01A15123F0088106E /* InfinitLinkTransactionsController.m */ = {isa = PBXFileReference; fileEncoding = 4; lastKnownFileType = sourcecode.c.objc; path = InfinitLinkTransactionsController.m; sourceTree = "<group>"; };
		83F72CA21A15131A0088106E /* InfinitLinkTransactionCell.h */ = {isa = PBXFileReference; fileEncoding = 4; lastKnownFileType = sourcecode.c.h; path = InfinitLinkTransactionCell.h; sourceTree = "<group>"; };
		83F72CA31A15131A0088106E /* InfinitLinkTransactionCell.m */ = {isa = PBXFileReference; fileEncoding = 4; lastKnownFileType = sourcecode.c.objc; path = InfinitLinkTransactionCell.m; sourceTree = "<group>"; };
		83FA72F51A66FF1D0014B0E4 /* VENBackspaceTextField.h */ = {isa = PBXFileReference; fileEncoding = 4; lastKnownFileType = sourcecode.c.h; path = VENBackspaceTextField.h; sourceTree = "<group>"; };
		83FA72F61A66FF1D0014B0E4 /* VENBackspaceTextField.m */ = {isa = PBXFileReference; fileEncoding = 4; lastKnownFileType = sourcecode.c.objc; path = VENBackspaceTextField.m; sourceTree = "<group>"; };
		83FA72F71A66FF1D0014B0E4 /* VENToken.h */ = {isa = PBXFileReference; fileEncoding = 4; lastKnownFileType = sourcecode.c.h; path = VENToken.h; sourceTree = "<group>"; };
		83FA72F81A66FF1D0014B0E4 /* VENToken.m */ = {isa = PBXFileReference; fileEncoding = 4; lastKnownFileType = sourcecode.c.objc; path = VENToken.m; sourceTree = "<group>"; };
		83FA72F91A66FF1D0014B0E4 /* VENToken.xib */ = {isa = PBXFileReference; fileEncoding = 4; lastKnownFileType = file.xib; path = VENToken.xib; sourceTree = "<group>"; };
		83FA72FA1A66FF1D0014B0E4 /* VENTokenField.h */ = {isa = PBXFileReference; fileEncoding = 4; lastKnownFileType = sourcecode.c.h; path = VENTokenField.h; sourceTree = "<group>"; };
		83FA72FB1A66FF1D0014B0E4 /* VENTokenField.m */ = {isa = PBXFileReference; fileEncoding = 4; lastKnownFileType = sourcecode.c.objc; path = VENTokenField.m; sourceTree = "<group>"; };
		83FA73011A66FF260014B0E4 /* FrameAccessor.h */ = {isa = PBXFileReference; fileEncoding = 4; lastKnownFileType = sourcecode.c.h; path = FrameAccessor.h; sourceTree = "<group>"; };
		83FA73021A66FF260014B0E4 /* ScrollViewFrameAccessor.h */ = {isa = PBXFileReference; fileEncoding = 4; lastKnownFileType = sourcecode.c.h; path = ScrollViewFrameAccessor.h; sourceTree = "<group>"; };
		83FA73031A66FF260014B0E4 /* ScrollViewFrameAccessor.m */ = {isa = PBXFileReference; fileEncoding = 4; lastKnownFileType = sourcecode.c.objc; path = ScrollViewFrameAccessor.m; sourceTree = "<group>"; };
		83FA73041A66FF260014B0E4 /* ViewFrameAccessor.h */ = {isa = PBXFileReference; fileEncoding = 4; lastKnownFileType = sourcecode.c.h; path = ViewFrameAccessor.h; sourceTree = "<group>"; };
		83FA73051A66FF260014B0E4 /* ViewFrameAccessor.m */ = {isa = PBXFileReference; fileEncoding = 4; lastKnownFileType = sourcecode.c.objc; path = ViewFrameAccessor.m; sourceTree = "<group>"; };
		83FE9C891A161F6D00FC1CFD /* InfinitLinkSendController.h */ = {isa = PBXFileReference; fileEncoding = 4; lastKnownFileType = sourcecode.c.h; path = InfinitLinkSendController.h; sourceTree = "<group>"; };
		83FE9C8A1A161F6D00FC1CFD /* InfinitLinkSendController.m */ = {isa = PBXFileReference; fileEncoding = 4; lastKnownFileType = sourcecode.c.objc; path = InfinitLinkSendController.m; sourceTree = "<group>"; };
		D00045BB1A499A20008DB448 /* InfinitSendImportCell.h */ = {isa = PBXFileReference; fileEncoding = 4; lastKnownFileType = sourcecode.c.h; path = InfinitSendImportCell.h; sourceTree = "<group>"; };
		D00045BC1A499A20008DB448 /* InfinitSendImportCell.m */ = {isa = PBXFileReference; fileEncoding = 4; lastKnownFileType = sourcecode.c.objc; path = InfinitSendImportCell.m; sourceTree = "<group>"; };
		D01A64521A4861800041A8C2 /* FileGridCell.h */ = {isa = PBXFileReference; fileEncoding = 4; lastKnownFileType = sourcecode.c.h; path = FileGridCell.h; sourceTree = "<group>"; };
		D01A64531A4861800041A8C2 /* FileGridCell.m */ = {isa = PBXFileReference; fileEncoding = 4; lastKnownFileType = sourcecode.c.objc; path = FileGridCell.m; sourceTree = "<group>"; };
		D01A64561A4861930041A8C2 /* FileListCell.h */ = {isa = PBXFileReference; fileEncoding = 4; lastKnownFileType = sourcecode.c.h; path = FileListCell.h; sourceTree = "<group>"; };
		D01A64571A4861930041A8C2 /* FileListCell.m */ = {isa = PBXFileReference; fileEncoding = 4; lastKnownFileType = sourcecode.c.objc; path = FileListCell.m; sourceTree = "<group>"; };
		D01A64591A48635C0041A8C2 /* InfinitFileCollectionViewController.h */ = {isa = PBXFileReference; fileEncoding = 4; lastKnownFileType = sourcecode.c.h; path = InfinitFileCollectionViewController.h; sourceTree = "<group>"; };
		D01A645A1A48635C0041A8C2 /* InfinitFileCollectionViewController.m */ = {isa = PBXFileReference; fileEncoding = 4; lastKnownFileType = sourcecode.c.objc; path = InfinitFileCollectionViewController.m; sourceTree = "<group>"; };
		D01A645C1A48B38D0041A8C2 /* InfinitContactViewController.h */ = {isa = PBXFileReference; fileEncoding = 4; lastKnownFileType = sourcecode.c.h; path = InfinitContactViewController.h; sourceTree = "<group>"; };
		D01A645D1A48B38D0041A8C2 /* InfinitContactViewController.m */ = {isa = PBXFileReference; fileEncoding = 4; lastKnownFileType = sourcecode.c.objc; path = InfinitContactViewController.m; sourceTree = "<group>"; };
		D02F432A1A5DA34E00447E84 /* WelcomeSignupFormView.h */ = {isa = PBXFileReference; fileEncoding = 4; lastKnownFileType = sourcecode.c.h; path = WelcomeSignupFormView.h; sourceTree = "<group>"; };
		D02F432B1A5DA34F00447E84 /* WelcomeSignupFormView.m */ = {isa = PBXFileReference; fileEncoding = 4; lastKnownFileType = sourcecode.c.objc; path = WelcomeSignupFormView.m; sourceTree = "<group>"; };
		D02F432D1A5DA36A00447E84 /* WelcomeSignupFormView.xib */ = {isa = PBXFileReference; fileEncoding = 4; lastKnownFileType = file.xib; path = WelcomeSignupFormView.xib; sourceTree = "<group>"; };
		D02F432F1A5DA38200447E84 /* WelcomeLoginFormView.xib */ = {isa = PBXFileReference; fileEncoding = 4; lastKnownFileType = file.xib; path = WelcomeLoginFormView.xib; sourceTree = "<group>"; };
		D02F43311A5DA39900447E84 /* WelcomeLoginFormView.h */ = {isa = PBXFileReference; fileEncoding = 4; lastKnownFileType = sourcecode.c.h; path = WelcomeLoginFormView.h; sourceTree = "<group>"; };
		D02F43321A5DA39900447E84 /* WelcomeLoginFormView.m */ = {isa = PBXFileReference; fileEncoding = 4; lastKnownFileType = sourcecode.c.objc; path = WelcomeLoginFormView.m; sourceTree = "<group>"; };
		D02FF5091A4DACA600A93DBD /* ContactOtherCell.h */ = {isa = PBXFileReference; fileEncoding = 4; lastKnownFileType = sourcecode.c.h; path = ContactOtherCell.h; sourceTree = "<group>"; };
		D02FF50A1A4DACA600A93DBD /* ContactOtherCell.m */ = {isa = PBXFileReference; fileEncoding = 4; lastKnownFileType = sourcecode.c.objc; path = ContactOtherCell.m; sourceTree = "<group>"; };
		D03FAAF11A4798B9005A8244 /* InfinitContactsTableViewController.h */ = {isa = PBXFileReference; fileEncoding = 4; lastKnownFileType = sourcecode.c.h; path = InfinitContactsTableViewController.h; sourceTree = "<group>"; };
		D03FAAF21A4798B9005A8244 /* InfinitContactsTableViewController.m */ = {isa = PBXFileReference; fileEncoding = 4; lastKnownFileType = sourcecode.c.objc; path = InfinitContactsTableViewController.m; sourceTree = "<group>"; };
		D03FAAF41A479BF3005A8244 /* CGLAlphabetizer.h */ = {isa = PBXFileReference; fileEncoding = 4; lastKnownFileType = sourcecode.c.h; path = CGLAlphabetizer.h; sourceTree = "<group>"; };
		D03FAAF51A479BF3005A8244 /* CGLAlphabetizer.m */ = {isa = PBXFileReference; fileEncoding = 4; lastKnownFileType = sourcecode.c.objc; path = CGLAlphabetizer.m; sourceTree = "<group>"; };
		D03FAAF71A479D2C005A8244 /* CGLContact.h */ = {isa = PBXFileReference; fileEncoding = 4; lastKnownFileType = sourcecode.c.h; path = CGLContact.h; sourceTree = "<group>"; };
		D03FAAF81A479D2C005A8244 /* CGLContact.m */ = {isa = PBXFileReference; fileEncoding = 4; lastKnownFileType = sourcecode.c.objc; path = CGLContact.m; sourceTree = "<group>"; };
		D03FAAFA1A47A3B1005A8244 /* ContactCell.h */ = {isa = PBXFileReference; fileEncoding = 4; lastKnownFileType = sourcecode.c.h; path = ContactCell.h; sourceTree = "<group>"; };
		D03FAAFB1A47A3B1005A8244 /* ContactCell.m */ = {isa = PBXFileReference; fileEncoding = 4; lastKnownFileType = sourcecode.c.objc; path = ContactCell.m; sourceTree = "<group>"; };
		D05726B11A50BA880097083C /* InfinitSendUserCell.m */ = {isa = PBXFileReference; fileEncoding = 4; lastKnownFileType = sourcecode.c.objc; path = InfinitSendUserCell.m; sourceTree = "<group>"; };
		D05726B21A50BA880097083C /* InfinitSendUserCell.h */ = {isa = PBXFileReference; fileEncoding = 4; lastKnownFileType = sourcecode.c.h; path = InfinitSendUserCell.h; sourceTree = "<group>"; };
		D05D5D181A24C4B1005529E8 /* InfinitSendGalleryCell.h */ = {isa = PBXFileReference; fileEncoding = 4; lastKnownFileType = sourcecode.c.h; path = InfinitSendGalleryCell.h; sourceTree = "<group>"; };
		D05D5D191A24C4B1005529E8 /* InfinitSendGalleryCell.m */ = {isa = PBXFileReference; fileEncoding = 4; lastKnownFileType = sourcecode.c.objc; path = InfinitSendGalleryCell.m; sourceTree = "<group>"; };
		D0659F641A3E865A0001ACAE /* InfinitWelcomeController.h */ = {isa = PBXFileReference; fileEncoding = 4; lastKnownFileType = sourcecode.c.h; path = InfinitWelcomeController.h; sourceTree = "<group>"; };
		D0659F651A3E865A0001ACAE /* InfinitWelcomeController.m */ = {isa = PBXFileReference; fileEncoding = 4; lastKnownFileType = sourcecode.c.objc; path = InfinitWelcomeController.m; sourceTree = "<group>"; };
		D09848041A43391B002D26AC /* SourceSansPro-Black.otf */ = {isa = PBXFileReference; lastKnownFileType = file; path = "SourceSansPro-Black.otf"; sourceTree = "<group>"; };
		D09848051A43391B002D26AC /* SourceSansPro-BlackIt.otf */ = {isa = PBXFileReference; lastKnownFileType = file; path = "SourceSansPro-BlackIt.otf"; sourceTree = "<group>"; };
		D09848061A43391B002D26AC /* SourceSansPro-Bold.otf */ = {isa = PBXFileReference; lastKnownFileType = file; path = "SourceSansPro-Bold.otf"; sourceTree = "<group>"; };
		D09848071A43391B002D26AC /* SourceSansPro-BoldIt.otf */ = {isa = PBXFileReference; lastKnownFileType = file; path = "SourceSansPro-BoldIt.otf"; sourceTree = "<group>"; };
		D09848081A43391B002D26AC /* SourceSansPro-ExtraLight.otf */ = {isa = PBXFileReference; lastKnownFileType = file; path = "SourceSansPro-ExtraLight.otf"; sourceTree = "<group>"; };
		D09848091A43391B002D26AC /* SourceSansPro-ExtraLightIt.otf */ = {isa = PBXFileReference; lastKnownFileType = file; path = "SourceSansPro-ExtraLightIt.otf"; sourceTree = "<group>"; };
		D098480A1A43391B002D26AC /* SourceSansPro-It.otf */ = {isa = PBXFileReference; lastKnownFileType = file; path = "SourceSansPro-It.otf"; sourceTree = "<group>"; };
		D098480B1A43391B002D26AC /* SourceSansPro-Light.otf */ = {isa = PBXFileReference; lastKnownFileType = file; path = "SourceSansPro-Light.otf"; sourceTree = "<group>"; };
		D098480C1A43391B002D26AC /* SourceSansPro-LightIt.otf */ = {isa = PBXFileReference; lastKnownFileType = file; path = "SourceSansPro-LightIt.otf"; sourceTree = "<group>"; };
		D098480D1A43391B002D26AC /* SourceSansPro-Regular.otf */ = {isa = PBXFileReference; lastKnownFileType = file; path = "SourceSansPro-Regular.otf"; sourceTree = "<group>"; };
		D098480E1A43391B002D26AC /* SourceSansPro-Semibold.otf */ = {isa = PBXFileReference; lastKnownFileType = file; path = "SourceSansPro-Semibold.otf"; sourceTree = "<group>"; };
		D098480F1A43391B002D26AC /* SourceSansPro-SemiboldIt.otf */ = {isa = PBXFileReference; lastKnownFileType = file; path = "SourceSansPro-SemiboldIt.otf"; sourceTree = "<group>"; };
		D09848101A43391B002D26AC /* LucidaGrande.ttc */ = {isa = PBXFileReference; lastKnownFileType = file; path = LucidaGrande.ttc; sourceTree = "<group>"; };
		D09848111A43391B002D26AC /* Montserrat-Bold.ttf */ = {isa = PBXFileReference; lastKnownFileType = file; path = "Montserrat-Bold.ttf"; sourceTree = "<group>"; };
		D09848121A43391B002D26AC /* Montserrat-Regular.ttf */ = {isa = PBXFileReference; lastKnownFileType = file; path = "Montserrat-Regular.ttf"; sourceTree = "<group>"; };
		D0BC70411A41B4B7006923F2 /* InfinitTabBarController.h */ = {isa = PBXFileReference; fileEncoding = 4; lastKnownFileType = sourcecode.c.h; path = InfinitTabBarController.h; sourceTree = "<group>"; };
		D0BC70421A41B4B7006923F2 /* InfinitTabBarController.m */ = {isa = PBXFileReference; fileEncoding = 4; lastKnownFileType = sourcecode.c.objc; path = InfinitTabBarController.m; sourceTree = "<group>"; };
		D0BC70451A41C04B006923F2 /* InfinitSendMediaViewController.h */ = {isa = PBXFileReference; fileEncoding = 4; lastKnownFileType = sourcecode.c.h; path = InfinitSendMediaViewController.h; sourceTree = "<group>"; };
		D0BC70461A41C04C006923F2 /* InfinitSendMediaViewController.m */ = {isa = PBXFileReference; fileEncoding = 4; lastKnownFileType = sourcecode.c.objc; path = InfinitSendMediaViewController.m; sourceTree = "<group>"; };
		D0BD351D1A42202300AB8EF9 /* InfinitFileViewController.h */ = {isa = PBXFileReference; fileEncoding = 4; lastKnownFileType = sourcecode.c.h; path = InfinitFileViewController.h; sourceTree = "<group>"; };
		D0BD351E1A42202300AB8EF9 /* InfinitFileViewController.m */ = {isa = PBXFileReference; fileEncoding = 4; lastKnownFileType = sourcecode.c.objc; path = InfinitFileViewController.m; sourceTree = "<group>"; };
		D0BD35211A4245AF00AB8EF9 /* InfinitSelectPeopleViewController.h */ = {isa = PBXFileReference; fileEncoding = 4; lastKnownFileType = sourcecode.c.h; path = InfinitSelectPeopleViewController.h; sourceTree = "<group>"; };
		D0BD35221A4245AF00AB8EF9 /* InfinitSelectPeopleViewController.m */ = {isa = PBXFileReference; fileEncoding = 4; lastKnownFileType = sourcecode.c.objc; path = InfinitSelectPeopleViewController.m; sourceTree = "<group>"; };
		D0D613C61A52E51600D454B6 /* InfinitHomeCollectionViewController.h */ = {isa = PBXFileReference; fileEncoding = 4; lastKnownFileType = sourcecode.c.h; path = InfinitHomeCollectionViewController.h; sourceTree = "<group>"; };
		D0D613C71A52E51600D454B6 /* InfinitHomeCollectionViewController.m */ = {isa = PBXFileReference; fileEncoding = 4; lastKnownFileType = sourcecode.c.objc; path = InfinitHomeCollectionViewController.m; sourceTree = "<group>"; };
		D0D613CA1A52E6D500D454B6 /* HomeSmallCollectionViewCell.h */ = {isa = PBXFileReference; fileEncoding = 4; lastKnownFileType = sourcecode.c.h; path = HomeSmallCollectionViewCell.h; sourceTree = "<group>"; };
		D0D613CB1A52E6D500D454B6 /* HomeSmallCollectionViewCell.m */ = {isa = PBXFileReference; fileEncoding = 4; lastKnownFileType = sourcecode.c.objc; path = HomeSmallCollectionViewCell.m; sourceTree = "<group>"; };
		D0D613CD1A52F77700D454B6 /* HomeLargeCollectionViewCell.h */ = {isa = PBXFileReference; fileEncoding = 4; lastKnownFileType = sourcecode.c.h; path = HomeLargeCollectionViewCell.h; sourceTree = "<group>"; };
		D0D613CE1A52F77700D454B6 /* HomeLargeCollectionViewCell.m */ = {isa = PBXFileReference; fileEncoding = 4; lastKnownFileType = sourcecode.c.objc; path = HomeLargeCollectionViewCell.m; sourceTree = "<group>"; };
/* End PBXFileReference section */

/* Begin PBXFrameworksBuildPhase section */
		83B32D5A1A136485004AB945 /* Frameworks */ = {
			isa = PBXFrameworksBuildPhase;
			buildActionMask = 2147483647;
			files = (
				83B5D60E1A6663430061931F /* Security.framework in Frameworks */,
				833DFCBC1A2F837400B0D213 /* AssetsLibrary.framework in Frameworks */,
				836F5C8C1A166720007C9C4E /* SystemConfiguration.framework in Frameworks */,
				83F4D0961A13902A0068BEB2 /* libGap-iOS.a in Frameworks */,
				83F4D08B1A1389430068BEB2 /* libiconv.dylib in Frameworks */,
				83F4D0591A1388050068BEB2 /* libboost_signals-mt-s.a in Frameworks */,
				83F4D07D1A1388C50068BEB2 /* libmetrics.a in Frameworks */,
				83F4D0651A13881F0068BEB2 /* libelle.a in Frameworks */,
				83F4D0891A13892F0068BEB2 /* libtrophonius-client.a in Frameworks */,
				83F4D07F1A1388CD0068BEB2 /* libtransaction.a in Frameworks */,
				83F4D06A1A13883E0068BEB2 /* libcrypto.a in Frameworks */,
				83F4D0561A1388050068BEB2 /* libboost_context-mt-s.a in Frameworks */,
				83F4D0581A1388050068BEB2 /* libboost_filesystem-mt-s.a in Frameworks */,
				83F4D0791A1388760068BEB2 /* libgap.a in Frameworks */,
				83F4D06F1A13885B0068BEB2 /* libreactor.a in Frameworks */,
				83F4D07B1A1388760068BEB2 /* libstation.a in Frameworks */,
				83F4D0821A1388F40068BEB2 /* libbackend_boost_context.a in Frameworks */,
				83F4D0631A1388170068BEB2 /* libcurl.a in Frameworks */,
				83F4D0251A1374660068BEB2 /* libc++.dylib in Frameworks */,
				83F4D0551A1388050068BEB2 /* libboost_chrono-mt-s.a in Frameworks */,
				83F4D07A1A1388760068BEB2 /* libpapier.a in Frameworks */,
				83F4D05B1A1388050068BEB2 /* libboost_thread-mt-s.a in Frameworks */,
				83F4D0711A1388660068BEB2 /* libz.a in Frameworks */,
				83F4D0571A1388050068BEB2 /* libboost_date_time-mt-s.a in Frameworks */,
				83F4D0541A1388050068BEB2 /* libboost_atomic-mt-s.a in Frameworks */,
				83F4D0771A1388760068BEB2 /* libcrash.a in Frameworks */,
				83F4D0871A1389250068BEB2 /* libmetaclient.a in Frameworks */,
				83F4D06B1A13883E0068BEB2 /* libssl.a in Frameworks */,
				83F4D0851A1389120068BEB2 /* libminiupnp.a in Frameworks */,
				83F4D0781A1388760068BEB2 /* libfrete.a in Frameworks */,
				83F4D0831A1388F40068BEB2 /* libbackend.a in Frameworks */,
				83F4D06D1A1388500068BEB2 /* libprotocol.a in Frameworks */,
				83F4D04B1A1387EF0068BEB2 /* libaws.a in Frameworks */,
				83F4D05A1A1388050068BEB2 /* libboost_system-mt-s.a in Frameworks */,
				83F4D0671A13882B0068BEB2 /* libarchive.a in Frameworks */,
				83F4D0601A13880F0068BEB2 /* libcryptography.a in Frameworks */,
			);
			runOnlyForDeploymentPostprocessing = 0;
		};
		83B32D731A136486004AB945 /* Frameworks */ = {
			isa = PBXFrameworksBuildPhase;
			buildActionMask = 2147483647;
			files = (
			);
			runOnlyForDeploymentPostprocessing = 0;
		};
/* End PBXFrameworksBuildPhase section */

/* Begin PBXGroup section */
		831237291A613A1C00D5C41C /* Access Gallery */ = {
			isa = PBXGroup;
			children = (
				8312372A1A613A3800D5C41C /* InfinitAccessGalleryView.xib */,
				8312372D1A613A8900D5C41C /* InfinitAccessGalleryView.h */,
				8312372E1A613A8900D5C41C /* InfinitAccessGalleryView.m */,
			);
			name = "Access Gallery";
			sourceTree = "<group>";
		};
		833E3ABD1A63C68D0088D3FF /* Access Contacts */ = {
			isa = PBXGroup;
			children = (
				833E3ABF1A63C6A60088D3FF /* InfinitAccessContactsView.xib */,
				833E3AC11A63CF4D0088D3FF /* InfinitAccessContactsView.h */,
				833E3AC21A63CF4D0088D3FF /* InfinitAccessContactsView.m */,
			);
			name = "Access Contacts";
			sourceTree = "<group>";
		};
		833E3AC71A63D86D0088D3FF /* Import Overlay */ = {
			isa = PBXGroup;
			children = (
				833E3AC81A63D8880088D3FF /* InfinitImportOverlayView.xib */,
				833E3ACA1A63D89B0088D3FF /* InfinitImportOverlayView.h */,
				833E3ACB1A63D89B0088D3FF /* InfinitImportOverlayView.m */,
			);
			name = "Import Overlay";
			sourceTree = "<group>";
		};
		833E3AD31A63EF260088D3FF /* Model */ = {
			isa = PBXGroup;
			children = (
				833E3ACD1A63E8B80088D3FF /* InfinitContact.h */,
				833E3ACE1A63E8B80088D3FF /* InfinitContact.m */,
			);
			name = Model;
			sourceTree = "<group>";
		};
		83612F881A5D7F9500BDF7CE /* Utilities */ = {
			isa = PBXGroup;
			children = (
				83612F8C1A5D7FDB00BDF7CE /* NSData+Conversion.h */,
				83612F8D1A5D7FDB00BDF7CE /* NSData+Conversion.m */,
				8365DE861A5E8694003527DE /* InfinitColor.h */,
				8365DE871A5E8694003527DE /* InfinitColor.m */,
				833E3AC41A63D16C0088D3FF /* InfinitApplicationSettings.h */,
				833E3AC51A63D16C0088D3FF /* InfinitApplicationSettings.m */,
				83B5D60A1A6661D80061931F /* InfinitKeychain.h */,
				83B5D60B1A6661D80061931F /* InfinitKeychain.m */,
				83B5D6151A66BC4E0061931F /* ALAsset+Date.h */,
				83B5D6161A66BC4E0061931F /* ALAsset+Date.m */,
				836D39481A67F0FB00892206 /* NSString+email.h */,
				836D39491A67F0FB00892206 /* NSString+email.m */,
				836D399F1A69409300892206 /* UIImage+circular.h */,
				836D39A01A69409300892206 /* UIImage+circular.m */,
			);
			name = Utilities;
			path = Infinit;
			sourceTree = "<group>";
		};
		836F5C8A1A16670F007C9C4E /* Frameworks */ = {
			isa = PBXGroup;
			children = (
				83B5D60D1A6663430061931F /* Security.framework */,
				833DFCBB1A2F837400B0D213 /* AssetsLibrary.framework */,
				836F5C8B1A166720007C9C4E /* SystemConfiguration.framework */,
			);
			name = Frameworks;
			sourceTree = "<group>";
		};
		83B32D541A136485004AB945 = {
			isa = PBXGroup;
			children = (
				83FA72591A66FEF90014B0E4 /* Third Party */,
				836F5C8A1A16670F007C9C4E /* Frameworks */,
				83F4D0211A13740F0068BEB2 /* Libraries */,
				83B32D5F1A136485004AB945 /* Infinit */,
				83612F881A5D7F9500BDF7CE /* Utilities */,
				83B32D791A136486004AB945 /* InfinitTests */,
				83B32D5E1A136485004AB945 /* Products */,
				83F4D08D1A1390160068BEB2 /* Gap.xcodeproj */,
			);
			sourceTree = "<group>";
		};
		83B32D5E1A136485004AB945 /* Products */ = {
			isa = PBXGroup;
			children = (
				83B32D5D1A136485004AB945 /* Infinit.app */,
				83B32D761A136486004AB945 /* InfinitTests.xctest */,
			);
			name = Products;
			sourceTree = "<group>";
		};
		83B32D5F1A136485004AB945 /* Infinit */ = {
			isa = PBXGroup;
			children = (
				D03FAAF01A4797B4005A8244 /* Contact */,
				D0BD35281A43307A00AB8EF9 /* Home */,
				D0BC704B1A41CAF1006923F2 /* Files */,
				D0AFCBB41A254699003AC152 /* Send */,
				83B32DF41A1365A9004AB945 /* Login */,
				D04988161A59F61B008B1C24 /* Cutom TabBarController */,
				D04988151A59F001008B1C24 /* Chris Controllers */,
				83B32D641A136485004AB945 /* AppDelegate.h */,
				83B32E051A1365E9004AB945 /* AppDelegate.m */,
				83B32D671A136485004AB945 /* ViewController.h */,
				83B32D681A136485004AB945 /* ViewController.m */,
				83B32E071A13660D004AB945 /* LaunchScreen.xib */,
				83B32E091A136614004AB945 /* Main.storyboard */,
				D09848021A43390D002D26AC /* Fonts */,
				83B32D6D1A136485004AB945 /* Images.xcassets */,
				83B32D601A136485004AB945 /* Supporting Files */,
			);
			path = Infinit;
			sourceTree = "<group>";
		};
		83B32D601A136485004AB945 /* Supporting Files */ = {
			isa = PBXGroup;
			children = (
				83B32D611A136485004AB945 /* Info.plist */,
				83B32D621A136485004AB945 /* main.m */,
			);
			name = "Supporting Files";
			sourceTree = "<group>";
		};
		83B32D791A136486004AB945 /* InfinitTests */ = {
			isa = PBXGroup;
			children = (
				83B32D7C1A136486004AB945 /* InfinitTests.m */,
				83B32D7A1A136486004AB945 /* Supporting Files */,
			);
			path = InfinitTests;
			sourceTree = "<group>";
		};
		83B32D7A1A136486004AB945 /* Supporting Files */ = {
			isa = PBXGroup;
			children = (
				83B32D7B1A136486004AB945 /* Info.plist */,
			);
			name = "Supporting Files";
			sourceTree = "<group>";
		};
		83B32DF41A1365A9004AB945 /* Login */ = {
			isa = PBXGroup;
			children = (
				D02F432F1A5DA38200447E84 /* WelcomeLoginFormView.xib */,
				D02F43311A5DA39900447E84 /* WelcomeLoginFormView.h */,
				D02F43321A5DA39900447E84 /* WelcomeLoginFormView.m */,
				D02F432D1A5DA36A00447E84 /* WelcomeSignupFormView.xib */,
				D02F432A1A5DA34E00447E84 /* WelcomeSignupFormView.h */,
				D02F432B1A5DA34F00447E84 /* WelcomeSignupFormView.m */,
				83B5D6121A66AAB70061931F /* InfinitLoggingInController.h */,
				83B5D6131A66AAB70061931F /* InfinitLoggingInController.m */,
				D0659F641A3E865A0001ACAE /* InfinitWelcomeController.h */,
				D0659F651A3E865A0001ACAE /* InfinitWelcomeController.m */,
			);
			name = Login;
			sourceTree = "<group>";
		};
		83F4D0211A13740F0068BEB2 /* Libraries */ = {
			isa = PBXGroup;
			children = (
				83F4D0661A13882B0068BEB2 /* libarchive.a */,
				83F4D04A1A1387EF0068BEB2 /* libaws.a */,
				83F4D0801A1388F40068BEB2 /* libbackend_boost_context.a */,
				83F4D0811A1388F40068BEB2 /* libbackend.a */,
				83F4D04C1A1388050068BEB2 /* libboost_atomic-mt-s.a */,
				83F4D04D1A1388050068BEB2 /* libboost_chrono-mt-s.a */,
				83F4D04E1A1388050068BEB2 /* libboost_context-mt-s.a */,
				83F4D04F1A1388050068BEB2 /* libboost_date_time-mt-s.a */,
				83F4D0501A1388050068BEB2 /* libboost_filesystem-mt-s.a */,
				83F4D0511A1388050068BEB2 /* libboost_signals-mt-s.a */,
				83F4D0521A1388050068BEB2 /* libboost_system-mt-s.a */,
				83F4D0531A1388050068BEB2 /* libboost_thread-mt-s.a */,
				83F4D0241A1374660068BEB2 /* libc++.dylib */,
				83F4D0721A1388760068BEB2 /* libcrash.a */,
				83F4D0681A13883E0068BEB2 /* libcrypto.a */,
				83F4D05D1A13880F0068BEB2 /* libcryptography.a */,
				83F4D0621A1388170068BEB2 /* libcurl.a */,
				83F4D0641A13881F0068BEB2 /* libelle.a */,
				83F4D0731A1388760068BEB2 /* libfrete.a */,
				83F4D0741A1388760068BEB2 /* libgap.a */,
				83F4D08A1A1389430068BEB2 /* libiconv.dylib */,
				83F4D0861A1389250068BEB2 /* libmetaclient.a */,
				83F4D07C1A1388C50068BEB2 /* libmetrics.a */,
				83F4D0841A1389120068BEB2 /* libminiupnp.a */,
				83F4D0751A1388760068BEB2 /* libpapier.a */,
				83F4D06C1A1388500068BEB2 /* libprotocol.a */,
				83F4D06E1A13885B0068BEB2 /* libreactor.a */,
				83F4D0691A13883E0068BEB2 /* libssl.a */,
				83F4D0761A1388760068BEB2 /* libstation.a */,
				83F4D07E1A1388CD0068BEB2 /* libtransaction.a */,
				83F4D0881A13892F0068BEB2 /* libtrophonius-client.a */,
				83F4D0701A1388660068BEB2 /* libz.a */,
			);
			name = Libraries;
			sourceTree = "<group>";
		};
		83F4D08E1A1390160068BEB2 /* Products */ = {
			isa = PBXGroup;
			children = (
				83F4D0931A1390170068BEB2 /* libGap-iOS.a */,
				8396104E1A2326680044B874 /* Gap-OSX.framework */,
			);
			name = Products;
			sourceTree = "<group>";
		};
		83F4D09C1A13ADC30068BEB2 /* Peer Transactions */ = {
			isa = PBXGroup;
			children = (
				83F4D09D1A13AE0D0068BEB2 /* InfinitPeerTransactionsController.h */,
				83F4D09E1A13AE0D0068BEB2 /* InfinitPeerTransactionsController.m */,
				83F4D0A01A13BC490068BEB2 /* InfinitPeerTransactionCell.h */,
				83F4D0A11A13BC490068BEB2 /* InfinitPeerTransactionCell.m */,
			);
			name = "Peer Transactions";
			sourceTree = "<group>";
		};
		83F4D0A31A14B4680068BEB2 /* Peer Send */ = {
			isa = PBXGroup;
			children = (
				83F4D0A41A14B48D0068BEB2 /* InfinitPeerSendController.h */,
				83F4D0A51A14B48D0068BEB2 /* InfinitPeerSendController.m */,
				83F72C9A1A1502940088106E /* InfinitPeerSendFileCell.h */,
				83F72C9B1A1502940088106E /* InfinitPeerSendFileCell.m */,
			);
			name = "Peer Send";
			sourceTree = "<group>";
		};
		83F72C9E1A15120D0088106E /* Link Transactions */ = {
			isa = PBXGroup;
			children = (
				83F72C9F1A15123F0088106E /* InfinitLinkTransactionsController.h */,
				83F72CA01A15123F0088106E /* InfinitLinkTransactionsController.m */,
				83F72CA21A15131A0088106E /* InfinitLinkTransactionCell.h */,
				83F72CA31A15131A0088106E /* InfinitLinkTransactionCell.m */,
			);
			name = "Link Transactions";
			sourceTree = "<group>";
		};
		83FA72591A66FEF90014B0E4 /* Third Party */ = {
			isa = PBXGroup;
			children = (
				83FA73001A66FF260014B0E4 /* FrameAccessor */,
				83FA72F41A66FF1D0014B0E4 /* VENTokenField */,
			);
			name = "Third Party";
			sourceTree = "<group>";
		};
		83FA72F41A66FF1D0014B0E4 /* VENTokenField */ = {
			isa = PBXGroup;
			children = (
				83FA72F51A66FF1D0014B0E4 /* VENBackspaceTextField.h */,
				83FA72F61A66FF1D0014B0E4 /* VENBackspaceTextField.m */,
				83FA72F71A66FF1D0014B0E4 /* VENToken.h */,
				83FA72F81A66FF1D0014B0E4 /* VENToken.m */,
				83FA72F91A66FF1D0014B0E4 /* VENToken.xib */,
				83FA72FA1A66FF1D0014B0E4 /* VENTokenField.h */,
				83FA72FB1A66FF1D0014B0E4 /* VENTokenField.m */,
			);
			name = VENTokenField;
			path = ThirdParty/VENTokenField/VENTokenField;
			sourceTree = "<group>";
		};
		83FA73001A66FF260014B0E4 /* FrameAccessor */ = {
			isa = PBXGroup;
			children = (
				83FA73011A66FF260014B0E4 /* FrameAccessor.h */,
				83FA73021A66FF260014B0E4 /* ScrollViewFrameAccessor.h */,
				83FA73031A66FF260014B0E4 /* ScrollViewFrameAccessor.m */,
				83FA73041A66FF260014B0E4 /* ViewFrameAccessor.h */,
				83FA73051A66FF260014B0E4 /* ViewFrameAccessor.m */,
			);
			name = FrameAccessor;
			path = ThirdParty/FrameAccessor/FrameAccessor;
			sourceTree = "<group>";
		};
		83FE9C871A161F4D00FC1CFD /* Link Send */ = {
			isa = PBXGroup;
			children = (
				83FE9C891A161F6D00FC1CFD /* InfinitLinkSendController.h */,
				83FE9C8A1A161F6D00FC1CFD /* InfinitLinkSendController.m */,
			);
			name = "Link Send";
			sourceTree = "<group>";
		};
		D03FAAF01A4797B4005A8244 /* Contact */ = {
			isa = PBXGroup;
			children = (
				D03FAAF11A4798B9005A8244 /* InfinitContactsTableViewController.h */,
				D03FAAF21A4798B9005A8244 /* InfinitContactsTableViewController.m */,
				D01A645C1A48B38D0041A8C2 /* InfinitContactViewController.h */,
				D01A645D1A48B38D0041A8C2 /* InfinitContactViewController.m */,
				D04988111A59EF4B008B1C24 /* Cells */,
				D04988121A59EF78008B1C24 /* CGLContact- */,
			);
			name = Contact;
			sourceTree = "<group>";
		};
		D04988111A59EF4B008B1C24 /* Cells */ = {
			isa = PBXGroup;
			children = (
				D02FF5091A4DACA600A93DBD /* ContactOtherCell.h */,
				D02FF50A1A4DACA600A93DBD /* ContactOtherCell.m */,
				D03FAAFA1A47A3B1005A8244 /* ContactCell.h */,
				D03FAAFB1A47A3B1005A8244 /* ContactCell.m */,
			);
			name = Cells;
			sourceTree = "<group>";
		};
		D04988121A59EF78008B1C24 /* CGLContact- */ = {
			isa = PBXGroup;
			children = (
				D03FAAF71A479D2C005A8244 /* CGLContact.h */,
				D03FAAF81A479D2C005A8244 /* CGLContact.m */,
				D03FAAF41A479BF3005A8244 /* CGLAlphabetizer.h */,
				D03FAAF51A479BF3005A8244 /* CGLAlphabetizer.m */,
			);
			name = "CGLContact-";
			sourceTree = "<group>";
		};
		D04988131A59EFB5008B1C24 /* Cells */ = {
			isa = PBXGroup;
			children = (
				D01A64521A4861800041A8C2 /* FileGridCell.h */,
				D01A64531A4861800041A8C2 /* FileGridCell.m */,
				D01A64561A4861930041A8C2 /* FileListCell.h */,
				D01A64571A4861930041A8C2 /* FileListCell.m */,
			);
			name = Cells;
			sourceTree = "<group>";
		};
		D04988141A59EFC8008B1C24 /* Table Cells */ = {
			isa = PBXGroup;
			children = (
				839B81401A641CF00057E92B /* InfinitCheckView.h */,
				839B81411A641CF00057E92B /* InfinitCheckView.m */,
				839B81491A6443220057E92B /* InfinitSendAbstractCell.h */,
				839B814A1A6443220057E92B /* InfinitSendAbstractCell.m */,
				D05726B21A50BA880097083C /* InfinitSendUserCell.h */,
				D05726B11A50BA880097083C /* InfinitSendUserCell.m */,
				839B813D1A6407990057E92B /* InfinitSendContactCell.h */,
				839B813E1A6407990057E92B /* InfinitSendContactCell.m */,
				D00045BB1A499A20008DB448 /* InfinitSendImportCell.h */,
				D00045BC1A499A20008DB448 /* InfinitSendImportCell.m */,
				D05D5D181A24C4B1005529E8 /* InfinitSendGalleryCell.h */,
				D05D5D191A24C4B1005529E8 /* InfinitSendGalleryCell.m */,
			);
			name = "Table Cells";
			sourceTree = "<group>";
		};
		D04988151A59F001008B1C24 /* Chris Controllers */ = {
			isa = PBXGroup;
			children = (
				83FE9C871A161F4D00FC1CFD /* Link Send */,
				83F4D0A31A14B4680068BEB2 /* Peer Send */,
				83F72C9E1A15120D0088106E /* Link Transactions */,
				83F4D09C1A13ADC30068BEB2 /* Peer Transactions */,
			);
			name = "Chris Controllers";
			sourceTree = "<group>";
		};
		D04988161A59F61B008B1C24 /* Cutom TabBarController */ = {
			isa = PBXGroup;
			children = (
				D0BC70411A41B4B7006923F2 /* InfinitTabBarController.h */,
				D0BC70421A41B4B7006923F2 /* InfinitTabBarController.m */,
				831237261A602C6900D5C41C /* InfinitSendTabIcon.h */,
				831237271A602C6900D5C41C /* InfinitSendTabIcon.m */,
				8343F5D41A628011006E04C0 /* InfinitTabAnimator.h */,
				8343F5D51A628011006E04C0 /* InfinitTabAnimator.m */,
			);
			name = "Cutom TabBarController";
			sourceTree = "<group>";
		};
		D0517F821A5ACBC8008F06D2 /* Cells */ = {
			isa = PBXGroup;
			children = (
				D0D613CD1A52F77700D454B6 /* HomeLargeCollectionViewCell.h */,
				D0D613CE1A52F77700D454B6 /* HomeLargeCollectionViewCell.m */,
				D0D613CA1A52E6D500D454B6 /* HomeSmallCollectionViewCell.h */,
				D0D613CB1A52E6D500D454B6 /* HomeSmallCollectionViewCell.m */,
			);
			name = Cells;
			sourceTree = "<group>";
		};
		D09848021A43390D002D26AC /* Fonts */ = {
			isa = PBXGroup;
			children = (
				D09848041A43391B002D26AC /* SourceSansPro-Black.otf */,
				D09848051A43391B002D26AC /* SourceSansPro-BlackIt.otf */,
				D09848061A43391B002D26AC /* SourceSansPro-Bold.otf */,
				D09848071A43391B002D26AC /* SourceSansPro-BoldIt.otf */,
				D09848081A43391B002D26AC /* SourceSansPro-ExtraLight.otf */,
				D09848091A43391B002D26AC /* SourceSansPro-ExtraLightIt.otf */,
				D098480A1A43391B002D26AC /* SourceSansPro-It.otf */,
				D098480B1A43391B002D26AC /* SourceSansPro-Light.otf */,
				D098480C1A43391B002D26AC /* SourceSansPro-LightIt.otf */,
				D098480D1A43391B002D26AC /* SourceSansPro-Regular.otf */,
				D098480E1A43391B002D26AC /* SourceSansPro-Semibold.otf */,
				D098480F1A43391B002D26AC /* SourceSansPro-SemiboldIt.otf */,
				D09848101A43391B002D26AC /* LucidaGrande.ttc */,
				D09848111A43391B002D26AC /* Montserrat-Bold.ttf */,
				D09848121A43391B002D26AC /* Montserrat-Regular.ttf */,
			);
			name = Fonts;
			sourceTree = "<group>";
		};
		D0AFCBB41A254699003AC152 /* Send */ = {
			isa = PBXGroup;
			children = (
				833E3AD31A63EF260088D3FF /* Model */,
				833E3AC71A63D86D0088D3FF /* Import Overlay */,
				833E3ABD1A63C68D0088D3FF /* Access Contacts */,
				831237291A613A1C00D5C41C /* Access Gallery */,
				D04988141A59EFC8008B1C24 /* Table Cells */,
				D0BC70451A41C04B006923F2 /* InfinitSendMediaViewController.h */,
				D0BC70461A41C04C006923F2 /* InfinitSendMediaViewController.m */,
				D0BD35211A4245AF00AB8EF9 /* InfinitSelectPeopleViewController.h */,
				D0BD35221A4245AF00AB8EF9 /* InfinitSelectPeopleViewController.m */,
			);
			name = Send;
			sourceTree = "<group>";
		};
		D0BC704B1A41CAF1006923F2 /* Files */ = {
			isa = PBXGroup;
			children = (
				D01A64591A48635C0041A8C2 /* InfinitFileCollectionViewController.h */,
				D01A645A1A48635C0041A8C2 /* InfinitFileCollectionViewController.m */,
				D0BD351D1A42202300AB8EF9 /* InfinitFileViewController.h */,
				D0BD351E1A42202300AB8EF9 /* InfinitFileViewController.m */,
				D04988131A59EFB5008B1C24 /* Cells */,
			);
			name = Files;
			sourceTree = "<group>";
		};
		D0BD35281A43307A00AB8EF9 /* Home */ = {
			isa = PBXGroup;
			children = (
				D0D613C61A52E51600D454B6 /* InfinitHomeCollectionViewController.h */,
				D0D613C71A52E51600D454B6 /* InfinitHomeCollectionViewController.m */,
				D0517F821A5ACBC8008F06D2 /* Cells */,
			);
			name = Home;
			sourceTree = "<group>";
		};
/* End PBXGroup section */

/* Begin PBXNativeTarget section */
		83B32D5C1A136485004AB945 /* Infinit */ = {
			isa = PBXNativeTarget;
			buildConfigurationList = 83B32D801A136486004AB945 /* Build configuration list for PBXNativeTarget "Infinit" */;
			buildPhases = (
				83B32D591A136485004AB945 /* Sources */,
				83B32D5A1A136485004AB945 /* Frameworks */,
				83B32D5B1A136485004AB945 /* Resources */,
				D05D5D141A24BFAB005529E8 /* Embed App Extensions */,
			);
			buildRules = (
			);
			dependencies = (
				83F4D0981A1390340068BEB2 /* PBXTargetDependency */,
			);
			name = Infinit;
			productName = Infinit;
			productReference = 83B32D5D1A136485004AB945 /* Infinit.app */;
			productType = "com.apple.product-type.application";
		};
		83B32D751A136486004AB945 /* InfinitTests */ = {
			isa = PBXNativeTarget;
			buildConfigurationList = 83B32D831A136486004AB945 /* Build configuration list for PBXNativeTarget "InfinitTests" */;
			buildPhases = (
				83B32D721A136486004AB945 /* Sources */,
				83B32D731A136486004AB945 /* Frameworks */,
				83B32D741A136486004AB945 /* Resources */,
			);
			buildRules = (
			);
			dependencies = (
				83B32D781A136486004AB945 /* PBXTargetDependency */,
			);
			name = InfinitTests;
			productName = InfinitTests;
			productReference = 83B32D761A136486004AB945 /* InfinitTests.xctest */;
			productType = "com.apple.product-type.bundle.unit-test";
		};
/* End PBXNativeTarget section */

/* Begin PBXProject section */
		83B32D551A136485004AB945 /* Project object */ = {
			isa = PBXProject;
			attributes = {
				LastUpgradeCheck = 0610;
				ORGANIZATIONNAME = Infinit;
				TargetAttributes = {
					83B32D5C1A136485004AB945 = {
						CreatedOnToolsVersion = 6.1;
						DevelopmentTeam = CHMLNGDA6V;
						SystemCapabilities = {
							com.apple.BackgroundModes = {
								enabled = 1;
							};
						};
					};
					83B32D751A136486004AB945 = {
						CreatedOnToolsVersion = 6.1;
						TestTargetID = 83B32D5C1A136485004AB945;
					};
				};
			};
			buildConfigurationList = 83B32D581A136485004AB945 /* Build configuration list for PBXProject "Infinit" */;
			compatibilityVersion = "Xcode 3.2";
			developmentRegion = English;
			hasScannedForEncodings = 0;
			knownRegions = (
				en,
				Base,
			);
			mainGroup = 83B32D541A136485004AB945;
			productRefGroup = 83B32D5E1A136485004AB945 /* Products */;
			projectDirPath = "";
			projectReferences = (
				{
					ProductGroup = 83F4D08E1A1390160068BEB2 /* Products */;
					ProjectRef = 83F4D08D1A1390160068BEB2 /* Gap.xcodeproj */;
				},
			);
			projectRoot = "";
			targets = (
				83B32D5C1A136485004AB945 /* Infinit */,
				83B32D751A136486004AB945 /* InfinitTests */,
			);
		};
/* End PBXProject section */

/* Begin PBXReferenceProxy section */
		8396104E1A2326680044B874 /* Gap-OSX.framework */ = {
			isa = PBXReferenceProxy;
			fileType = wrapper.framework;
			path = "Gap-OSX.framework";
			remoteRef = 8396104D1A2326680044B874 /* PBXContainerItemProxy */;
			sourceTree = BUILT_PRODUCTS_DIR;
		};
		83F4D0931A1390170068BEB2 /* libGap-iOS.a */ = {
			isa = PBXReferenceProxy;
			fileType = archive.ar;
			path = "libGap-iOS.a";
			remoteRef = 83F4D0921A1390170068BEB2 /* PBXContainerItemProxy */;
			sourceTree = BUILT_PRODUCTS_DIR;
		};
/* End PBXReferenceProxy section */

/* Begin PBXResourcesBuildPhase section */
		83B32D5B1A136485004AB945 /* Resources */ = {
			isa = PBXResourcesBuildPhase;
			buildActionMask = 2147483647;
			files = (
				D09848211A43391B002D26AC /* Montserrat-Regular.ttf in Resources */,
				8312372B1A613A3800D5C41C /* InfinitAccessGalleryView.xib in Resources */,
				D098481D1A43391B002D26AC /* SourceSansPro-Semibold.otf in Resources */,
				D09848191A43391B002D26AC /* SourceSansPro-It.otf in Resources */,
				83B32E0A1A136614004AB945 /* Main.storyboard in Resources */,
				83B32E081A13660D004AB945 /* LaunchScreen.xib in Resources */,
				D098481E1A43391B002D26AC /* SourceSansPro-SemiboldIt.otf in Resources */,
				D02F432E1A5DA36A00447E84 /* WelcomeSignupFormView.xib in Resources */,
				D098481C1A43391B002D26AC /* SourceSansPro-Regular.otf in Resources */,
				D09848161A43391B002D26AC /* SourceSansPro-BoldIt.otf in Resources */,
				83FA72FE1A66FF1D0014B0E4 /* VENToken.xib in Resources */,
				833E3AC91A63D8880088D3FF /* InfinitImportOverlayView.xib in Resources */,
				D09848181A43391B002D26AC /* SourceSansPro-ExtraLightIt.otf in Resources */,
				D09848171A43391B002D26AC /* SourceSansPro-ExtraLight.otf in Resources */,
				833E3AC01A63C6A60088D3FF /* InfinitAccessContactsView.xib in Resources */,
				83B32D6E1A136485004AB945 /* Images.xcassets in Resources */,
				D09848201A43391B002D26AC /* Montserrat-Bold.ttf in Resources */,
				D02F43301A5DA38200447E84 /* WelcomeLoginFormView.xib in Resources */,
				D09848131A43391B002D26AC /* SourceSansPro-Black.otf in Resources */,
				D098481A1A43391B002D26AC /* SourceSansPro-Light.otf in Resources */,
				D098481F1A43391B002D26AC /* LucidaGrande.ttc in Resources */,
				D098481B1A43391B002D26AC /* SourceSansPro-LightIt.otf in Resources */,
				D09848151A43391B002D26AC /* SourceSansPro-Bold.otf in Resources */,
				D09848141A43391B002D26AC /* SourceSansPro-BlackIt.otf in Resources */,
			);
			runOnlyForDeploymentPostprocessing = 0;
		};
		83B32D741A136486004AB945 /* Resources */ = {
			isa = PBXResourcesBuildPhase;
			buildActionMask = 2147483647;
			files = (
			);
			runOnlyForDeploymentPostprocessing = 0;
		};
/* End PBXResourcesBuildPhase section */

/* Begin PBXSourcesBuildPhase section */
		83B32D591A136485004AB945 /* Sources */ = {
			isa = PBXSourcesBuildPhase;
			buildActionMask = 2147483647;
			files = (
				833E3ACF1A63E8B80088D3FF /* InfinitContact.m in Sources */,
				83B32E061A1365E9004AB945 /* AppDelegate.m in Sources */,
				D0BD35231A4245AF00AB8EF9 /* InfinitSelectPeopleViewController.m in Sources */,
				8343F5D61A628011006E04C0 /* InfinitTabAnimator.m in Sources */,
				83FE9C8B1A161F6D00FC1CFD /* InfinitLinkSendController.m in Sources */,
				833E3ACC1A63D89B0088D3FF /* InfinitImportOverlayView.m in Sources */,
				D01A64581A4861930041A8C2 /* FileListCell.m in Sources */,
				D03FAAFC1A47A3B1005A8244 /* ContactCell.m in Sources */,
				83B5D60C1A6661D80061931F /* InfinitKeychain.m in Sources */,
				83F4D09F1A13AE0D0068BEB2 /* InfinitPeerTransactionsController.m in Sources */,
				D01A645E1A48B38D0041A8C2 /* InfinitContactViewController.m in Sources */,
				D0D613CF1A52F77700D454B6 /* HomeLargeCollectionViewCell.m in Sources */,
				D0D613CC1A52E6D500D454B6 /* HomeSmallCollectionViewCell.m in Sources */,
				836D394A1A67F0FB00892206 /* NSString+email.m in Sources */,
				D03FAAF31A4798B9005A8244 /* InfinitContactsTableViewController.m in Sources */,
				D0659F661A3E865A0001ACAE /* InfinitWelcomeController.m in Sources */,
				D0BC70471A41C04C006923F2 /* InfinitSendMediaViewController.m in Sources */,
				831237281A602C6900D5C41C /* InfinitSendTabIcon.m in Sources */,
				83B32D691A136485004AB945 /* ViewController.m in Sources */,
				83F72C9C1A1502940088106E /* InfinitPeerSendFileCell.m in Sources */,
				D03FAAF61A479BF3005A8244 /* CGLAlphabetizer.m in Sources */,
				8365DE881A5E8694003527DE /* InfinitColor.m in Sources */,
				839B814B1A6443220057E92B /* InfinitSendAbstractCell.m in Sources */,
				D01A64541A4861800041A8C2 /* FileGridCell.m in Sources */,
				836D39A11A69409300892206 /* UIImage+circular.m in Sources */,
				83FA73061A66FF260014B0E4 /* ScrollViewFrameAccessor.m in Sources */,
				83612F8E1A5D7FDB00BDF7CE /* NSData+Conversion.m in Sources */,
				83F4D0A61A14B48D0068BEB2 /* InfinitPeerSendController.m in Sources */,
				83F72CA41A15131A0088106E /* InfinitLinkTransactionCell.m in Sources */,
				83F4D0A21A13BC490068BEB2 /* InfinitPeerTransactionCell.m in Sources */,
				D02F432C1A5DA34F00447E84 /* WelcomeSignupFormView.m in Sources */,
				D03FAAF91A479D2C005A8244 /* CGLContact.m in Sources */,
				83B32D631A136485004AB945 /* main.m in Sources */,
				83B5D6171A66BC4E0061931F /* ALAsset+Date.m in Sources */,
				D00045BD1A499A20008DB448 /* InfinitSendImportCell.m in Sources */,
				D02FF50B1A4DACA600A93DBD /* ContactOtherCell.m in Sources */,
				D05D5D1A1A24C4B1005529E8 /* InfinitSendGalleryCell.m in Sources */,
				833E3AC31A63CF4D0088D3FF /* InfinitAccessContactsView.m in Sources */,
				D05726B31A50BA880097083C /* InfinitSendUserCell.m in Sources */,
				83FA72FF1A66FF1D0014B0E4 /* VENTokenField.m in Sources */,
				83FA72FD1A66FF1D0014B0E4 /* VENToken.m in Sources */,
				D01A645B1A48635C0041A8C2 /* InfinitFileCollectionViewController.m in Sources */,
				839B813F1A6407990057E92B /* InfinitSendContactCell.m in Sources */,
				83FA73071A66FF260014B0E4 /* ViewFrameAccessor.m in Sources */,
				8312372F1A613A8900D5C41C /* InfinitAccessGalleryView.m in Sources */,
				D02F43331A5DA39900447E84 /* WelcomeLoginFormView.m in Sources */,
				D0BC70431A41B4B7006923F2 /* InfinitTabBarController.m in Sources */,
				D0BD351F1A42202300AB8EF9 /* InfinitFileViewController.m in Sources */,
				833E3AC61A63D16C0088D3FF /* InfinitApplicationSettings.m in Sources */,
				839B81421A641CF00057E92B /* InfinitCheckView.m in Sources */,
				83F72CA11A15123F0088106E /* InfinitLinkTransactionsController.m in Sources */,
				83B5D6141A66AAB70061931F /* InfinitLoggingInController.m in Sources */,
				83FA72FC1A66FF1D0014B0E4 /* VENBackspaceTextField.m in Sources */,
				D0D613C81A52E51600D454B6 /* InfinitHomeCollectionViewController.m in Sources */,
			);
			runOnlyForDeploymentPostprocessing = 0;
		};
		83B32D721A136486004AB945 /* Sources */ = {
			isa = PBXSourcesBuildPhase;
			buildActionMask = 2147483647;
			files = (
				83B32D7D1A136486004AB945 /* InfinitTests.m in Sources */,
			);
			runOnlyForDeploymentPostprocessing = 0;
		};
/* End PBXSourcesBuildPhase section */

/* Begin PBXTargetDependency section */
		83B32D781A136486004AB945 /* PBXTargetDependency */ = {
			isa = PBXTargetDependency;
			target = 83B32D5C1A136485004AB945 /* Infinit */;
			targetProxy = 83B32D771A136486004AB945 /* PBXContainerItemProxy */;
		};
		83F4D0981A1390340068BEB2 /* PBXTargetDependency */ = {
			isa = PBXTargetDependency;
			name = "Gap-iOS";
			targetProxy = 83F4D0971A1390340068BEB2 /* PBXContainerItemProxy */;
		};
/* End PBXTargetDependency section */

/* Begin XCBuildConfiguration section */
		83B32D7E1A136486004AB945 /* Debug */ = {
			isa = XCBuildConfiguration;
			buildSettings = {
				ALWAYS_SEARCH_USER_PATHS = NO;
				CLANG_CXX_LANGUAGE_STANDARD = "gnu++0x";
				CLANG_CXX_LIBRARY = "libc++";
				CLANG_ENABLE_MODULES = YES;
				CLANG_ENABLE_OBJC_ARC = YES;
				CLANG_WARN_BOOL_CONVERSION = YES;
				CLANG_WARN_CONSTANT_CONVERSION = YES;
				CLANG_WARN_DIRECT_OBJC_ISA_USAGE = YES_ERROR;
				CLANG_WARN_EMPTY_BODY = YES;
				CLANG_WARN_ENUM_CONVERSION = YES;
				CLANG_WARN_INT_CONVERSION = YES;
				CLANG_WARN_OBJC_ROOT_CLASS = YES_ERROR;
				CLANG_WARN_UNREACHABLE_CODE = YES;
				CLANG_WARN__DUPLICATE_METHOD_MATCH = YES;
				"CODE_SIGN_IDENTITY[sdk=iphoneos*]" = "iPhone Developer";
				COPY_PHASE_STRIP = NO;
				ENABLE_STRICT_OBJC_MSGSEND = YES;
				GCC_C_LANGUAGE_STANDARD = gnu99;
				GCC_DYNAMIC_NO_PIC = NO;
				GCC_OPTIMIZATION_LEVEL = 0;
				GCC_PREPROCESSOR_DEFINITIONS = (
					"DEBUG=1",
					"$(inherited)",
				);
				GCC_SYMBOLS_PRIVATE_EXTERN = NO;
				GCC_WARN_64_TO_32_BIT_CONVERSION = YES;
				GCC_WARN_ABOUT_RETURN_TYPE = YES_ERROR;
				GCC_WARN_UNDECLARED_SELECTOR = YES;
				GCC_WARN_UNINITIALIZED_AUTOS = YES_AGGRESSIVE;
				GCC_WARN_UNUSED_FUNCTION = YES;
				GCC_WARN_UNUSED_VARIABLE = YES;
				IPHONEOS_DEPLOYMENT_TARGET = 8.1;
				MTL_ENABLE_DEBUG_INFO = YES;
				ONLY_ACTIVE_ARCH = YES;
				SDKROOT = iphoneos;
				TARGETED_DEVICE_FAMILY = "1,2";
			};
			name = Debug;
		};
		83B32D7F1A136486004AB945 /* Release */ = {
			isa = XCBuildConfiguration;
			buildSettings = {
				ALWAYS_SEARCH_USER_PATHS = NO;
				CLANG_CXX_LANGUAGE_STANDARD = "gnu++0x";
				CLANG_CXX_LIBRARY = "libc++";
				CLANG_ENABLE_MODULES = YES;
				CLANG_ENABLE_OBJC_ARC = YES;
				CLANG_WARN_BOOL_CONVERSION = YES;
				CLANG_WARN_CONSTANT_CONVERSION = YES;
				CLANG_WARN_DIRECT_OBJC_ISA_USAGE = YES_ERROR;
				CLANG_WARN_EMPTY_BODY = YES;
				CLANG_WARN_ENUM_CONVERSION = YES;
				CLANG_WARN_INT_CONVERSION = YES;
				CLANG_WARN_OBJC_ROOT_CLASS = YES_ERROR;
				CLANG_WARN_UNREACHABLE_CODE = YES;
				CLANG_WARN__DUPLICATE_METHOD_MATCH = YES;
				"CODE_SIGN_IDENTITY[sdk=iphoneos*]" = "iPhone Developer";
				COPY_PHASE_STRIP = YES;
				ENABLE_NS_ASSERTIONS = NO;
				ENABLE_STRICT_OBJC_MSGSEND = YES;
				GCC_C_LANGUAGE_STANDARD = gnu99;
				GCC_WARN_64_TO_32_BIT_CONVERSION = YES;
				GCC_WARN_ABOUT_RETURN_TYPE = YES_ERROR;
				GCC_WARN_UNDECLARED_SELECTOR = YES;
				GCC_WARN_UNINITIALIZED_AUTOS = YES_AGGRESSIVE;
				GCC_WARN_UNUSED_FUNCTION = YES;
				GCC_WARN_UNUSED_VARIABLE = YES;
				IPHONEOS_DEPLOYMENT_TARGET = 8.1;
				MTL_ENABLE_DEBUG_INFO = NO;
				SDKROOT = iphoneos;
				TARGETED_DEVICE_FAMILY = "1,2";
				VALIDATE_PRODUCT = YES;
			};
			name = Release;
		};
		83B32D811A136486004AB945 /* Debug */ = {
			isa = XCBuildConfiguration;
			buildSettings = {
				ALWAYS_SEARCH_USER_PATHS = YES;
				ASSETCATALOG_COMPILER_APPICON_NAME = AppIcon;
				CODE_SIGN_IDENTITY = "iPhone Developer";
				"CODE_SIGN_IDENTITY[sdk=iphoneos*]" = "iPhone Developer";
				DEBUG_INFORMATION_FORMAT = dwarf;
				FRAMEWORK_SEARCH_PATHS = (
					"$(inherited)",
					"$(PROJECT_DIR)",
				);
				HEADER_SEARCH_PATHS = (
					"$(inherited)",
					/Applications/Xcode.app/Contents/Developer/Toolchains/XcodeDefault.xctoolchain/usr/include,
					include,
					../../../fist/src,
					../../../_build/ios/fist/src,
				);
				INFOPLIST_FILE = Infinit/Info.plist;
				IPHONEOS_DEPLOYMENT_TARGET = 7.1;
				LD_RUNPATH_SEARCH_PATHS = "$(inherited) @executable_path/Frameworks";
				LIBRARY_SEARCH_PATHS = (
					"$(inherited)",
					../../../_build/ios/lib,
					../../../_build/ios/elle/aws/lib,
					../../../_build/ios/elle/aws/miniupnp/miniupnpc/lib,
					../../../_build/ios/elle/cryptography/lib,
					../../../_build/ios/elle/curl/lib,
					../../../_build/ios/elle/boost/lib,
					../../../_build/ios/elle/elle/lib,
					../../../_build/ios/elle/libarchive/lib,
					../../../_build/ios/elle/openssl/lib,
					../../../_build/ios/elle/protocol/lib,
					../../../_build/ios/elle/reactor/lib,
					../../../_build/ios/elle/zlib/lib,
					../../../_build/ios/metrics/lib,
					../../../_build/ios/oracles/lib,
					../../../_build/ios/elle/reactor/lib/reactor,
					../../../_build/ios/elle/reactor/miniupnp/miniupnpc/lib,
					../../../_build/ios/oracles/meta/client/lib,
					../../../_build/ios/oracles/trophonius/client/lib,
				);
				LINKER_DISPLAYS_MANGLED_NAMES = YES;
				ONLY_ACTIVE_ARCH = YES;
				PRODUCT_NAME = "$(TARGET_NAME)";
				PROVISIONING_PROFILE = "8295163b-b944-418c-b820-7ed1b472dd48";
				USER_HEADER_SEARCH_PATHS = "";
				"USER_HEADER_SEARCH_PATHS[arch=*]" = "\"$(BUILD_ROOT)/../IntermediateBuildFilesPath/UninstalledProducts/include\"";
				VALID_ARCHS = "$(ARCHS_STANDARD) armv7s";
			};
			name = Debug;
		};
		83B32D821A136486004AB945 /* Release */ = {
			isa = XCBuildConfiguration;
			buildSettings = {
				ALWAYS_SEARCH_USER_PATHS = YES;
				ASSETCATALOG_COMPILER_APPICON_NAME = AppIcon;
				CODE_SIGN_IDENTITY = "iPhone Developer";
				"CODE_SIGN_IDENTITY[sdk=iphoneos*]" = "iPhone Developer";
				FRAMEWORK_SEARCH_PATHS = (
					"$(inherited)",
					"$(PROJECT_DIR)",
				);
				HEADER_SEARCH_PATHS = (
					"$(inherited)",
					/Applications/Xcode.app/Contents/Developer/Toolchains/XcodeDefault.xctoolchain/usr/include,
					include,
					../../../fist/src,
					../../../_build/ios/fist/src,
				);
				INFOPLIST_FILE = Infinit/Info.plist;
				IPHONEOS_DEPLOYMENT_TARGET = 7.1;
				LD_RUNPATH_SEARCH_PATHS = "$(inherited) @executable_path/Frameworks";
				LIBRARY_SEARCH_PATHS = (
					"$(inherited)",
					../../../_build/ios/lib,
					../../../_build/ios/elle/aws/lib,
					../../../_build/ios/elle/aws/miniupnp/miniupnpc/lib,
					../../../_build/ios/elle/cryptography/lib,
					../../../_build/ios/elle/curl/lib,
					../../../_build/ios/elle/boost/lib,
					../../../_build/ios/elle/elle/lib,
					../../../_build/ios/elle/libarchive/lib,
					../../../_build/ios/elle/openssl/lib,
					../../../_build/ios/elle/protocol/lib,
					../../../_build/ios/elle/reactor/lib,
					../../../_build/ios/elle/zlib/lib,
					../../../_build/ios/metrics/lib,
					../../../_build/ios/oracles/lib,
					../../../_build/ios/elle/reactor/lib/reactor,
					../../../_build/ios/elle/reactor/miniupnp/miniupnpc/lib,
					../../../_build/ios/oracles/meta/client/lib,
					../../../_build/ios/oracles/trophonius/client/lib,
				);
				LINKER_DISPLAYS_MANGLED_NAMES = YES;
				PRODUCT_NAME = "$(TARGET_NAME)";
				PROVISIONING_PROFILE = "8295163b-b944-418c-b820-7ed1b472dd48";
				USER_HEADER_SEARCH_PATHS = "";
				"USER_HEADER_SEARCH_PATHS[arch=*]" = "\"$(BUILD_ROOT)/../IntermediateBuildFilesPath/UninstalledProducts/include\"";
				VALID_ARCHS = armv7;
			};
			name = Release;
		};
		83B32D841A136486004AB945 /* Debug */ = {
			isa = XCBuildConfiguration;
			buildSettings = {
				BUNDLE_LOADER = "$(TEST_HOST)";
				FRAMEWORK_SEARCH_PATHS = (
					"$(SDKROOT)/Developer/Library/Frameworks",
					"$(inherited)",
				);
				GCC_PREPROCESSOR_DEFINITIONS = (
					"DEBUG=1",
					"$(inherited)",
				);
				INFOPLIST_FILE = InfinitTests/Info.plist;
				LD_RUNPATH_SEARCH_PATHS = "$(inherited) @executable_path/Frameworks @loader_path/Frameworks";
				PRODUCT_NAME = "$(TARGET_NAME)";
				TEST_HOST = "$(BUILT_PRODUCTS_DIR)/Infinit.app/Infinit";
			};
			name = Debug;
		};
		83B32D851A136486004AB945 /* Release */ = {
			isa = XCBuildConfiguration;
			buildSettings = {
				BUNDLE_LOADER = "$(TEST_HOST)";
				FRAMEWORK_SEARCH_PATHS = (
					"$(SDKROOT)/Developer/Library/Frameworks",
					"$(inherited)",
				);
				INFOPLIST_FILE = InfinitTests/Info.plist;
				LD_RUNPATH_SEARCH_PATHS = "$(inherited) @executable_path/Frameworks @loader_path/Frameworks";
				PRODUCT_NAME = "$(TARGET_NAME)";
				PROVISIONING_PROFILE = "";
				TEST_HOST = "$(BUILT_PRODUCTS_DIR)/Infinit.app/Infinit";
			};
			name = Release;
		};
/* End XCBuildConfiguration section */

/* Begin XCConfigurationList section */
		83B32D581A136485004AB945 /* Build configuration list for PBXProject "Infinit" */ = {
			isa = XCConfigurationList;
			buildConfigurations = (
				83B32D7E1A136486004AB945 /* Debug */,
				83B32D7F1A136486004AB945 /* Release */,
			);
			defaultConfigurationIsVisible = 0;
			defaultConfigurationName = Release;
		};
		83B32D801A136486004AB945 /* Build configuration list for PBXNativeTarget "Infinit" */ = {
			isa = XCConfigurationList;
			buildConfigurations = (
				83B32D811A136486004AB945 /* Debug */,
				83B32D821A136486004AB945 /* Release */,
			);
			defaultConfigurationIsVisible = 0;
			defaultConfigurationName = Release;
		};
		83B32D831A136486004AB945 /* Build configuration list for PBXNativeTarget "InfinitTests" */ = {
			isa = XCConfigurationList;
			buildConfigurations = (
				83B32D841A136486004AB945 /* Debug */,
				83B32D851A136486004AB945 /* Release */,
			);
			defaultConfigurationIsVisible = 0;
			defaultConfigurationName = Release;
		};
/* End XCConfigurationList section */
	};
	rootObject = 83B32D551A136485004AB945 /* Project object */;
}
